Microsoft Visual Studio Solution File, Format Version 12.00
# Visual Studio 14
VisualStudioVersion = 14.0.25420.1
MinimumVisualStudioVersion = 10.0.40219.1
Project("{8BC9CEB8-8B4A-11D0-8D11-00A0C91BC942}") = "ParserWr", "..\..\ParserWr\ParserWr.vcxproj", "{0C181DC9-D90D-4912-9CFE-37427291CFB1}"
EndProject
Project("{8BC9CEB8-8B4A-11D0-8D11-00A0C91BC942}") = "AssemblyCrypto", "..\..\AssemblyCrypto\AssemblyCrypto.vcproj", "{7BD08727-AAC6-4FF7-A6EE-F5C6BCC47A0E}"
EndProject
Project("{FAE04EC0-301F-11D3-BF4B-00C04F79EFBC}") = "TreeBuilder - VS10", "TreeBuilder - VS10.csproj", "{5305157E-0287-409C-B47E-213C054AE852}"
EndProject
Project("{FAE04EC0-301F-11D3-BF4B-00C04F79EFBC}") = "Parser - VS10", "..\..\Parser\Parser - VS10.csproj", "{7BBFF192-81B1-474C-856C-391D9012D0E7}"
EndProject
Project("{FAE04EC0-301F-11D3-BF4B-00C04F79EFBC}") = "ModulePublisher - VS10", "..\..\..\..\Visual Studio.NET Projects\ModulePublisher\ModulePublisher - VS10.csproj", "{8D4656BC-51D1-4E2D-AE5B-6F530DF69333}"
EndProject
Project("{FAE04EC0-301F-11D3-BF4B-00C04F79EFBC}") = "OOAdvantech - VS10", "..\..\OOAdvantech\OOAdvantech - VS10.csproj", "{83492998-8E8B-44A9-BCC8-9A6E979E3EB6}"
EndProject
Project("{FAE04EC0-301F-11D3-BF4B-00C04F79EFBC}") = "OOAdvantechFacade -VS10", "..\..\OOAdvantechFacade\OOAdvantechFacade -VS10.csproj", "{09083B37-96EF-4867-AA51-4D698AD34344}"
EndProject
Global
	GlobalSection(SolutionConfigurationPlatforms) = preSolution
		Debug|Any CPU = Debug|Any CPU
		Debug|Mixed Platforms = Debug|Mixed Platforms
		Debug|Win32 = Debug|Win32
		Debug|x64 = Debug|x64
		Net4Debug|Any CPU = Net4Debug|Any CPU
		Net4Debug|Mixed Platforms = Net4Debug|Mixed Platforms
		Net4Debug|Win32 = Net4Debug|Win32
		Net4Debug|x64 = Net4Debug|x64
		Release|Any CPU = Release|Any CPU
		Release|Mixed Platforms = Release|Mixed Platforms
		Release|Win32 = Release|Win32
		Release|x64 = Release|x64
	EndGlobalSection
	GlobalSection(ProjectConfigurationPlatforms) = postSolution
		{0C181DC9-D90D-4912-9CFE-37427291CFB1}.Debug|Any CPU.ActiveCfg = Debug|Win32
		{0C181DC9-D90D-4912-9CFE-37427291CFB1}.Debug|Mixed Platforms.ActiveCfg = Debug|Win32
		{0C181DC9-D90D-4912-9CFE-37427291CFB1}.Debug|Mixed Platforms.Build.0 = Debug|Win32
		{0C181DC9-D90D-4912-9CFE-37427291CFB1}.Debug|Win32.ActiveCfg = Debug|Win32
		{0C181DC9-D90D-4912-9CFE-37427291CFB1}.Debug|Win32.Build.0 = Debug|Win32
		{0C181DC9-D90D-4912-9CFE-37427291CFB1}.Debug|x64.ActiveCfg = Debug|Win32
		{0C181DC9-D90D-4912-9CFE-37427291CFB1}.Net4Debug|Any CPU.ActiveCfg = Debug|Win32
		{0C181DC9-D90D-4912-9CFE-37427291CFB1}.Net4Debug|Mixed Platforms.ActiveCfg = Debug|Win32
		{0C181DC9-D90D-4912-9CFE-37427291CFB1}.Net4Debug|Mixed Platforms.Build.0 = Debug|Win32
		{0C181DC9-D90D-4912-9CFE-37427291CFB1}.Net4Debug|Win32.ActiveCfg = Debug|Win32
		{0C181DC9-D90D-4912-9CFE-37427291CFB1}.Net4Debug|Win32.Build.0 = Debug|Win32
		{0C181DC9-D90D-4912-9CFE-37427291CFB1}.Net4Debug|x64.ActiveCfg = Debug|Win32
		{0C181DC9-D90D-4912-9CFE-37427291CFB1}.Release|Any CPU.ActiveCfg = Release|Win32
		{0C181DC9-D90D-4912-9CFE-37427291CFB1}.Release|Mixed Platforms.ActiveCfg = Release|Win32
		{0C181DC9-D90D-4912-9CFE-37427291CFB1}.Release|Mixed Platforms.Build.0 = Release|Win32
		{0C181DC9-D90D-4912-9CFE-37427291CFB1}.Release|Win32.ActiveCfg = Release|Win32
		{0C181DC9-D90D-4912-9CFE-37427291CFB1}.Release|Win32.Build.0 = Release|Win32
		{0C181DC9-D90D-4912-9CFE-37427291CFB1}.Release|x64.ActiveCfg = Release|Win32
		{7BD08727-AAC6-4FF7-A6EE-F5C6BCC47A0E}.Debug|Any CPU.ActiveCfg = Debug|Win32
		{7BD08727-AAC6-4FF7-A6EE-F5C6BCC47A0E}.Debug|Mixed Platforms.ActiveCfg = Debug|Win32
		{7BD08727-AAC6-4FF7-A6EE-F5C6BCC47A0E}.Debug|Mixed Platforms.Build.0 = Debug|Win32
		{7BD08727-AAC6-4FF7-A6EE-F5C6BCC47A0E}.Debug|Win32.ActiveCfg = Debug|Win32
		{7BD08727-AAC6-4FF7-A6EE-F5C6BCC47A0E}.Debug|Win32.Build.0 = Debug|Win32
		{7BD08727-AAC6-4FF7-A6EE-F5C6BCC47A0E}.Debug|x64.ActiveCfg = Debug|Win32
		{7BD08727-AAC6-4FF7-A6EE-F5C6BCC47A0E}.Net4Debug|Any CPU.ActiveCfg = Debug|Win32
		{7BD08727-AAC6-4FF7-A6EE-F5C6BCC47A0E}.Net4Debug|Mixed Platforms.ActiveCfg = Debug|Win32
		{7BD08727-AAC6-4FF7-A6EE-F5C6BCC47A0E}.Net4Debug|Win32.ActiveCfg = Debug|Win32
		{7BD08727-AAC6-4FF7-A6EE-F5C6BCC47A0E}.Net4Debug|x64.ActiveCfg = Debug|Win32
		{7BD08727-AAC6-4FF7-A6EE-F5C6BCC47A0E}.Release|Any CPU.ActiveCfg = Release|Win32
		{7BD08727-AAC6-4FF7-A6EE-F5C6BCC47A0E}.Release|Mixed Platforms.ActiveCfg = Release|Win32
		{7BD08727-AAC6-4FF7-A6EE-F5C6BCC47A0E}.Release|Mixed Platforms.Build.0 = Release|Win32
		{7BD08727-AAC6-4FF7-A6EE-F5C6BCC47A0E}.Release|Win32.ActiveCfg = Release|Win32
		{7BD08727-AAC6-4FF7-A6EE-F5C6BCC47A0E}.Release|Win32.Build.0 = Release|Win32
		{7BD08727-AAC6-4FF7-A6EE-F5C6BCC47A0E}.Release|x64.ActiveCfg = Release|Win32
		{5305157E-0287-409C-B47E-213C054AE852}.Debug|Any CPU.ActiveCfg = Debug|Any CPU
		{5305157E-0287-409C-B47E-213C054AE852}.Debug|Any CPU.Build.0 = Debug|Any CPU
		{5305157E-0287-409C-B47E-213C054AE852}.Debug|Mixed Platforms.ActiveCfg = Debug|Any CPU
		{5305157E-0287-409C-B47E-213C054AE852}.Debug|Mixed Platforms.Build.0 = Debug|Any CPU
		{5305157E-0287-409C-B47E-213C054AE852}.Debug|Win32.ActiveCfg = Debug|x64
		{5305157E-0287-409C-B47E-213C054AE852}.Debug|x64.ActiveCfg = Debug|x64
		{5305157E-0287-409C-B47E-213C054AE852}.Debug|x64.Build.0 = Debug|x64
		{5305157E-0287-409C-B47E-213C054AE852}.Net4Debug|Any CPU.ActiveCfg = Debug|Any CPU
		{5305157E-0287-409C-B47E-213C054AE852}.Net4Debug|Any CPU.Build.0 = Debug|Any CPU
		{5305157E-0287-409C-B47E-213C054AE852}.Net4Debug|Mixed Platforms.ActiveCfg = Debug|Any CPU
		{5305157E-0287-409C-B47E-213C054AE852}.Net4Debug|Mixed Platforms.Build.0 = Debug|Any CPU
		{5305157E-0287-409C-B47E-213C054AE852}.Net4Debug|Win32.ActiveCfg = Debug|x64
		{5305157E-0287-409C-B47E-213C054AE852}.Net4Debug|x64.ActiveCfg = Debug|x64
		{5305157E-0287-409C-B47E-213C054AE852}.Net4Debug|x64.Build.0 = Debug|x64
		{5305157E-0287-409C-B47E-213C054AE852}.Release|Any CPU.ActiveCfg = Release|Any CPU
		{5305157E-0287-409C-B47E-213C054AE852}.Release|Any CPU.Build.0 = Release|Any CPU
		{5305157E-0287-409C-B47E-213C054AE852}.Release|Mixed Platforms.ActiveCfg = Release|x64
		{5305157E-0287-409C-B47E-213C054AE852}.Release|Mixed Platforms.Build.0 = Release|x64
		{5305157E-0287-409C-B47E-213C054AE852}.Release|Win32.ActiveCfg = Release|x64
		{5305157E-0287-409C-B47E-213C054AE852}.Release|x64.ActiveCfg = Release|x64
		{5305157E-0287-409C-B47E-213C054AE852}.Release|x64.Build.0 = Release|x64
		{7BBFF192-81B1-474C-856C-391D9012D0E7}.Debug|Any CPU.ActiveCfg = Debug|Any CPU
		{7BBFF192-81B1-474C-856C-391D9012D0E7}.Debug|Any CPU.Build.0 = Debug|Any CPU
		{7BBFF192-81B1-474C-856C-391D9012D0E7}.Debug|Mixed Platforms.ActiveCfg = Debug|Any CPU
		{7BBFF192-81B1-474C-856C-391D9012D0E7}.Debug|Mixed Platforms.Build.0 = Debug|Any CPU
		{7BBFF192-81B1-474C-856C-391D9012D0E7}.Debug|Win32.ActiveCfg = Debug|x64
		{7BBFF192-81B1-474C-856C-391D9012D0E7}.Debug|x64.ActiveCfg = Debug|x64
		{7BBFF192-81B1-474C-856C-391D9012D0E7}.Debug|x64.Build.0 = Debug|x64
		{7BBFF192-81B1-474C-856C-391D9012D0E7}.Net4Debug|Any CPU.ActiveCfg = Debug|Any CPU
		{7BBFF192-81B1-474C-856C-391D9012D0E7}.Net4Debug|Any CPU.Build.0 = Debug|Any CPU
		{7BBFF192-81B1-474C-856C-391D9012D0E7}.Net4Debug|Mixed Platforms.ActiveCfg = Debug|Any CPU
		{7BBFF192-81B1-474C-856C-391D9012D0E7}.Net4Debug|Mixed Platforms.Build.0 = Debug|Any CPU
		{7BBFF192-81B1-474C-856C-391D9012D0E7}.Net4Debug|Win32.ActiveCfg = Debug|x64
		{7BBFF192-81B1-474C-856C-391D9012D0E7}.Net4Debug|x64.ActiveCfg = Debug|x64
		{7BBFF192-81B1-474C-856C-391D9012D0E7}.Net4Debug|x64.Build.0 = Debug|x64
		{7BBFF192-81B1-474C-856C-391D9012D0E7}.Release|Any CPU.ActiveCfg = Release|Any CPU
		{7BBFF192-81B1-474C-856C-391D9012D0E7}.Release|Any CPU.Build.0 = Release|Any CPU
		{7BBFF192-81B1-474C-856C-391D9012D0E7}.Release|Mixed Platforms.ActiveCfg = Release|x64
		{7BBFF192-81B1-474C-856C-391D9012D0E7}.Release|Mixed Platforms.Build.0 = Release|x64
		{7BBFF192-81B1-474C-856C-391D9012D0E7}.Release|Win32.ActiveCfg = Release|x64
		{7BBFF192-81B1-474C-856C-391D9012D0E7}.Release|x64.ActiveCfg = Release|x64
		{7BBFF192-81B1-474C-856C-391D9012D0E7}.Release|x64.Build.0 = Release|x64
		{8D4656BC-51D1-4E2D-AE5B-6F530DF69333}.Debug|Any CPU.ActiveCfg = Debug|Any CPU
		{8D4656BC-51D1-4E2D-AE5B-6F530DF69333}.Debug|Any CPU.Build.0 = Debug|Any CPU
		{8D4656BC-51D1-4E2D-AE5B-6F530DF69333}.Debug|Mixed Platforms.ActiveCfg = Debug|Any CPU
		{8D4656BC-51D1-4E2D-AE5B-6F530DF69333}.Debug|Mixed Platforms.Build.0 = Debug|Any CPU
		{8D4656BC-51D1-4E2D-AE5B-6F530DF69333}.Debug|Win32.ActiveCfg = Debug|x64
		{8D4656BC-51D1-4E2D-AE5B-6F530DF69333}.Debug|x64.ActiveCfg = Debug|x64
		{8D4656BC-51D1-4E2D-AE5B-6F530DF69333}.Debug|x64.Build.0 = Debug|x64
		{8D4656BC-51D1-4E2D-AE5B-6F530DF69333}.Net4Debug|Any CPU.ActiveCfg = Net4Debug|Any CPU
		{8D4656BC-51D1-4E2D-AE5B-6F530DF69333}.Net4Debug|Any CPU.Build.0 = Net4Debug|Any CPU
		{8D4656BC-51D1-4E2D-AE5B-6F530DF69333}.Net4Debug|Mixed Platforms.ActiveCfg = Net4Debug|Any CPU
		{8D4656BC-51D1-4E2D-AE5B-6F530DF69333}.Net4Debug|Mixed Platforms.Build.0 = Net4Debug|Any CPU
		{8D4656BC-51D1-4E2D-AE5B-6F530DF69333}.Net4Debug|Win32.ActiveCfg = Net4Debug|x64
		{8D4656BC-51D1-4E2D-AE5B-6F530DF69333}.Net4Debug|x64.ActiveCfg = Net4Debug|x64
		{8D4656BC-51D1-4E2D-AE5B-6F530DF69333}.Net4Debug|x64.Build.0 = Net4Debug|x64
		{8D4656BC-51D1-4E2D-AE5B-6F530DF69333}.Release|Any CPU.ActiveCfg = Release|Any CPU
		{8D4656BC-51D1-4E2D-AE5B-6F530DF69333}.Release|Any CPU.Build.0 = Release|Any CPU
		{8D4656BC-51D1-4E2D-AE5B-6F530DF69333}.Release|Mixed Platforms.ActiveCfg = Release|x64
		{8D4656BC-51D1-4E2D-AE5B-6F530DF69333}.Release|Mixed Platforms.Build.0 = Release|x64
		{8D4656BC-51D1-4E2D-AE5B-6F530DF69333}.Release|Win32.ActiveCfg = Release|x64
		{8D4656BC-51D1-4E2D-AE5B-6F530DF69333}.Release|x64.ActiveCfg = Release|x64
		{8D4656BC-51D1-4E2D-AE5B-6F530DF69333}.Release|x64.Build.0 = Release|x64
		{83492998-8E8B-44A9-BCC8-9A6E979E3EB6}.Debug|Any CPU.ActiveCfg = Debug|Any CPU
		{83492998-8E8B-44A9-BCC8-9A6E979E3EB6}.Debug|Any CPU.Build.0 = Debug|Any CPU
		{83492998-8E8B-44A9-BCC8-9A6E979E3EB6}.Debug|Mixed Platforms.ActiveCfg = Debug|Any CPU
		{83492998-8E8B-44A9-BCC8-9A6E979E3EB6}.Debug|Mixed Platforms.Build.0 = Debug|Any CPU
		{83492998-8E8B-44A9-BCC8-9A6E979E3EB6}.Debug|Win32.ActiveCfg = Debug|x64
		{83492998-8E8B-44A9-BCC8-9A6E979E3EB6}.Debug|x64.ActiveCfg = Debug|x64
		{83492998-8E8B-44A9-BCC8-9A6E979E3EB6}.Debug|x64.Build.0 = Debug|x64
		{83492998-8E8B-44A9-BCC8-9A6E979E3EB6}.Net4Debug|Any CPU.ActiveCfg = Debug|Any CPU
		{83492998-8E8B-44A9-BCC8-9A6E979E3EB6}.Net4Debug|Any CPU.Build.0 = Debug|Any CPU
		{83492998-8E8B-44A9-BCC8-9A6E979E3EB6}.Net4Debug|Mixed Platforms.ActiveCfg = Debug|Any CPU
		{83492998-8E8B-44A9-BCC8-9A6E979E3EB6}.Net4Debug|Mixed Platforms.Build.0 = Debug|Any CPU
		{83492998-8E8B-44A9-BCC8-9A6E979E3EB6}.Net4Debug|Win32.ActiveCfg = Debug|x64
		{83492998-8E8B-44A9-BCC8-9A6E979E3EB6}.Net4Debug|x64.ActiveCfg = Debug|x64
		{83492998-8E8B-44A9-BCC8-9A6E979E3EB6}.Net4Debug|x64.Build.0 = Debug|x64
		{83492998-8E8B-44A9-BCC8-9A6E979E3EB6}.Release|Any CPU.ActiveCfg = Release|Any CPU
		{83492998-8E8B-44A9-BCC8-9A6E979E3EB6}.Release|Any CPU.Build.0 = Release|Any CPU
		{83492998-8E8B-44A9-BCC8-9A6E979E3EB6}.Release|Mixed Platforms.ActiveCfg = Release|x64
		{83492998-8E8B-44A9-BCC8-9A6E979E3EB6}.Release|Mixed Platforms.Build.0 = Release|x64
		{83492998-8E8B-44A9-BCC8-9A6E979E3EB6}.Release|Win32.ActiveCfg = Release|x64
		{83492998-8E8B-44A9-BCC8-9A6E979E3EB6}.Release|x64.ActiveCfg = Release|x64
		{83492998-8E8B-44A9-BCC8-9A6E979E3EB6}.Release|x64.Build.0 = Release|x64
		{09083B37-96EF-4867-AA51-4D698AD34344}.Debug|Any CPU.ActiveCfg = Debug|Any CPU
		{09083B37-96EF-4867-AA51-4D698AD34344}.Debug|Any CPU.Build.0 = Debug|Any CPU
		{09083B37-96EF-4867-AA51-4D698AD34344}.Debug|Mixed Platforms.ActiveCfg = Debug|Any CPU
		{09083B37-96EF-4867-AA51-4D698AD34344}.Debug|Mixed Platforms.Build.0 = Debug|Any CPU
		{09083B37-96EF-4867-AA51-4D698AD34344}.Debug|Win32.ActiveCfg = Debug|Any CPU
		{09083B37-96EF-4867-AA51-4D698AD34344}.Debug|x64.ActiveCfg = Debug|Any CPU
		{09083B37-96EF-4867-AA51-4D698AD34344}.Net4Debug|Any CPU.ActiveCfg = Debug|Any CPU
		{09083B37-96EF-4867-AA51-4D698AD34344}.Net4Debug|Any CPU.Build.0 = Debug|Any CPU
		{09083B37-96EF-4867-AA51-4D698AD34344}.Net4Debug|Mixed Platforms.ActiveCfg = Debug|Any CPU
		{09083B37-96EF-4867-AA51-4D698AD34344}.Net4Debug|Mixed Platforms.Build.0 = Debug|Any CPU
		{09083B37-96EF-4867-AA51-4D698AD34344}.Net4Debug|Win32.ActiveCfg = Debug|Any CPU
		{09083B37-96EF-4867-AA51-4D698AD34344}.Net4Debug|x64.ActiveCfg = Debug|Any CPU
		{09083B37-96EF-4867-AA51-4D698AD34344}.Release|Any CPU.ActiveCfg = Release|Any CPU
		{09083B37-96EF-4867-AA51-4D698AD34344}.Release|Any CPU.Build.0 = Release|Any CPU
		{09083B37-96EF-4867-AA51-4D698AD34344}.Release|Mixed Platforms.ActiveCfg = Release|Any CPU
		{09083B37-96EF-4867-AA51-4D698AD34344}.Release|Mixed Platforms.Build.0 = Release|Any CPU
		{09083B37-96EF-4867-AA51-4D698AD34344}.Release|Win32.ActiveCfg = Release|Any CPU
		{09083B37-96EF-4867-AA51-4D698AD34344}.Release|x64.ActiveCfg = Release|Any CPU
	EndGlobalSection
	GlobalSection(SolutionProperties) = preSolution
		HideSolutionNode = FALSE
	EndGlobalSection
EndGlobal
