
Microsoft Visual Studio Solution File, Format Version 12.00
# Visual Studio Version 16
VisualStudioVersion = 16.0.31105.61
MinimumVisualStudioVersion = 10.0.40219.1
Project("{FAE04EC0-301F-11D3-BF4B-00C04F79EFBC}") = "RestApiRemoting", "..\PersistenceLayer\DotNetPersistenceLayer\RestApiRemoting\RestApiRemoting.csproj", "{A2DB1DF7-3B99-4251-891D-0D7F40848C6C}"
EndProject
Project("{FAE04EC0-301F-11D3-BF4B-00C04F79EFBC}") = "WindowsAzureTablesPersistenceRunTime", "..\PersistenceLayer\DotNetPersistenceLayer\WindowsAzureTablesPersistenceRunTime\WindowsAzureTablesPersistenceRunTime.csproj", "{EACD0D55-E5E1-4288-BA55-7BC566B4722E}"
EndProject
Project("{FAE04EC0-301F-11D3-BF4B-00C04F79EFBC}") = "OOAdvantechFacade -VS10", "..\PersistenceLayer\DotNetPersistenceLayer\OOAdvantechFacade\OOAdvantechFacade -VS10.csproj", "{09083B37-96EF-4867-AA51-4D698AD34344}"
EndProject
Project("{FAE04EC0-301F-11D3-BF4B-00C04F79EFBC}") = "OOAdvantech - VS10", "..\PersistenceLayer\DotNetPersistenceLayer\OOAdvantech\OOAdvantech - VS10.csproj", "{83492998-8E8B-44A9-BCC8-9A6E979E3EB6}"
EndProject
Project("{FAE04EC0-301F-11D3-BF4B-00C04F79EFBC}") = "Linq - VS10", "..\PersistenceLayer\DotNetPersistenceLayer\Linq\Linq - VS10.csproj", "{B5802B17-B3A0-4E40-A393-D1C57A53EDCB}"
EndProject
Project("{FAE04EC0-301F-11D3-BF4B-00C04F79EFBC}") = "ModulePublisher - VS10", "..\Visual Studio.NET Projects\ModulePublisher\ModulePublisher - VS10.csproj", "{8D4656BC-51D1-4E2D-AE5B-6F530DF69333}"
EndProject
Project("{FAE04EC0-301F-11D3-BF4B-00C04F79EFBC}") = "StyleableWindow", "..\UserInterface\WPFUserInterfaceLibrary\StyleableWindow\StyleableWindow.csproj", "{6368D7F0-70F8-4B7A-8B36-EF31D07C11C1}"
EndProject
Project("{FAE04EC0-301F-11D3-BF4B-00C04F79EFBC}") = "UserInterface - VS10", "..\UserInterface\UserInterface\UserInterface - VS10.csproj", "{E0E5873E-E5E4-46F6-94F1-731C172CC1C6}"
EndProject
Project("{FAE04EC0-301F-11D3-BF4B-00C04F79EFBC}") = "WPFUIElementObjectBind-VS10", "..\UserInterface\WPFUserInterfaceLibrary\WPFUIElementObjectBind\WPFUIElementObjectBind-VS10.csproj", "{8DFEC0F3-C2EC-4D16-9E1D-09D33199E73F}"
EndProject
Project("{FAE04EC0-301F-11D3-BF4B-00C04F79EFBC}") = "WebBrowser", "..\UserInterface\WPFUserInterfaceLibrary\WebBrowser\WebBrowser.csproj", "{0A6DBBC9-D8D3-4466-9A4E-80AE0582EB0A}"
EndProject
Project("{FAE04EC0-301F-11D3-BF4B-00C04F79EFBC}") = "DotNetMetaDataRepository - VS10", "..\PersistenceLayer\DotNetPersistenceLayer\DotNetMetaDataRepository\DotNetMetaDataRepository - VS10.csproj", "{CFEA0A11-F583-4751-BE83-2EA0363B868B}"
EndProject
Project("{FAE04EC0-301F-11D3-BF4B-00C04F79EFBC}") = "Parser - VS10", "..\PersistenceLayer\DotNetPersistenceLayer\Parser\Parser - VS10.csproj", "{7BBFF192-81B1-474C-856C-391D9012D0E7}"
EndProject
Project("{FAE04EC0-301F-11D3-BF4B-00C04F79EFBC}") = "MetaDataLoadingSystem - VS10", "..\PersistenceLayer\DotNetPersistenceLayer\MetaDataLoadingSystem\MetaDataLoadingSystem - VS10.csproj", "{1D685176-89DB-4086-A084-48D487506390}"
EndProject
Project("{FAE04EC0-301F-11D3-BF4B-00C04F79EFBC}") = "PersistenceLayerRunTime - VS10", "..\PersistenceLayer\DotNetPersistenceLayer\PersistenceLayerRunTime\PersistenceLayerRunTime - VS10.csproj", "{535EF442-4F9B-4B5B-B2E2-3939CFF13C58}"
EndProject
Project("{FAE04EC0-301F-11D3-BF4B-00C04F79EFBC}") = "PersistenceLayerRunTimeFacade - VS10", "..\PersistenceLayer\DotNetPersistenceLayer\PersistenceLayerRunTimeFacade\PersistenceLayerRunTimeFacade - VS10.csproj", "{F3823B06-8FB8-4B69-828F-18D2BE232DF8}"
EndProject
Project("{FAE04EC0-301F-11D3-BF4B-00C04F79EFBC}") = "RDBMSMetaDataRepository - VS10", "..\PersistenceLayer\DotNetPersistenceLayer\RDBMSMetaDataRepository\RDBMSMetaDataRepository - VS10.csproj", "{332C008B-4EEB-422B-A694-04C915F6769D}"
EndProject
Project("{FAE04EC0-301F-11D3-BF4B-00C04F79EFBC}") = "FacadeProxiesGenerator", "..\PersistenceLayer\DotNetPersistenceLayer\FacadeProxiesGenerator\FacadeProxiesGenerator.csproj", "{D535BD18-2401-427C-85FF-3BCD147A17D6}"
EndProject
Project("{FAE04EC0-301F-11D3-BF4B-00C04F79EFBC}") = "NotifyIconWpf", "..\UserInterface\WPFUserInterfaceLibrary\NotifyIconWpf\NotifyIconWpf.csproj", "{7AC63864-7638-41C4-969C-D3197EF2BED9}"
EndProject
Project("{FAE04EC0-301F-11D3-BF4B-00C04F79EFBC}") = "OOAdvantech.Net", "..\PersistenceLayer\DotNetPersistenceLayer\OOAdvantech.Net\OOAdvantech.Net.csproj", "{CEB65441-0A94-444A-AF99-5E4850AE623C}"
EndProject
Project("{FAE04EC0-301F-11D3-BF4B-00C04F79EFBC}") = "Perfon.Core", "..\PersistenceLayer\DotNetPersistenceLayer\Perfon.Core\Perfon.Core.csproj", "{15EA05E4-0BCF-4A35-B177-59B932869414}"
EndProject
Project("{FAE04EC0-301F-11D3-BF4B-00C04F79EFBC}") = "OOAdvantech.Json", "..\PersistenceLayer\DotNetPersistenceLayer\OOAdvantech.Json\OOAdvantech.Json.csproj", "{F20E4565-5DDB-4E1E-A343-369927C01277}"
EndProject
Project("{FAE04EC0-301F-11D3-BF4B-00C04F79EFBC}") = "WindowsBaseEx", "..\UserInterface\WPFUserInterfaceLibrary\WindowsBaseEx\WindowsBaseEx.csproj", "{D83EAE0A-82CD-4496-8524-C734C6236B78}"
EndProject
Project("{FAE04EC0-301F-11D3-BF4B-00C04F79EFBC}") = "ThemesEx", "..\UserInterface\WPFUserInterfaceLibrary\ThemesEx\ThemesEx.csproj", "{85E88CB0-DFCD-47C2-858A-082901BCE761}"
EndProject
Project("{9A19103F-16F7-4668-BE54-9A1E7A4F7556}") = "DeviceUtilities.NetStandard", "..\PersistenceLayer\Xamarin\DeviceUtilities.NetStandard\DeviceUtilities.NetStandard.csproj", "{DED4210B-7E69-4B22-B095-05174FF713B0}"
EndProject
Project("{9A19103F-16F7-4668-BE54-9A1E7A4F7556}") = "DotNetMetaDataRepository.NetStandard", "..\PersistenceLayer\Xamarin\DotNetMetaDataRepository.NetStandard\DotNetMetaDataRepository.NetStandard.csproj", "{794AF8A5-5797-4C3C-ADF5-DBCCDD49C8EC}"
EndProject
Project("{9A19103F-16F7-4668-BE54-9A1E7A4F7556}") = "Linq.NetStandard", "..\PersistenceLayer\Xamarin\Linq.NetStandard\Linq.NetStandard.csproj", "{DBD85DF9-DAED-4B05-9EEB-845551499FD4}"
EndProject
Project("{9A19103F-16F7-4668-BE54-9A1E7A4F7556}") = "MetaDataLoadingSystem.NetStandard", "..\PersistenceLayer\Xamarin\MetaDataLoadingSystem.NetStandard\MetaDataLoadingSystem.NetStandard.csproj", "{C01FED8C-32E8-4112-B48F-E5FADFACC9C3}"
EndProject
Project("{9A19103F-16F7-4668-BE54-9A1E7A4F7556}") = "OOAdvantech.Json.NetStandard", "..\PersistenceLayer\Xamarin\OOAdvantech.Json.NetStandard\OOAdvantech.Json.NetStandard.csproj", "{BC3CB7B7-6AF7-4AD7-857C-2ACBF2A0E775}"
EndProject
Project("{9A19103F-16F7-4668-BE54-9A1E7A4F7556}") = "OOAdvantech.NetStandard", "..\PersistenceLayer\Xamarin\OOAdvantech.NetStandard\OOAdvantech.NetStandard.csproj", "{1849A274-73B8-4A0A-90F8-7D56C92AAD35}"
EndProject
Project("{FAE04EC0-301F-11D3-BF4B-00C04F79EFBC}") = "OOAdvantech.NetStandard.Droid", "..\PersistenceLayer\Xamarin\OOAdvantech.NetStandard.Droid\OOAdvantech.NetStandard.Droid.csproj", "{C654ADF4-39DE-4084-BC46-2A9268B0068C}"
EndProject
Project("{FAE04EC0-301F-11D3-BF4B-00C04F79EFBC}") = "OOAdvantech.NetStandard.iOS", "..\PersistenceLayer\Xamarin\OOAdvantech.NetStandard.iOS\OOAdvantech.NetStandard.iOS.csproj", "{97999F66-2CD1-4B6E-BBA2-41174367DF1E}"
EndProject
Project("{9A19103F-16F7-4668-BE54-9A1E7A4F7556}") = "Parser.NetStandard", "..\PersistenceLayer\Xamarin\Parser.NetStandard\Parser.NetStandard.csproj", "{17DF664B-BB47-4A95-ABBE-15DFF53A96A8}"
EndProject
Project("{9A19103F-16F7-4668-BE54-9A1E7A4F7556}") = "PersistenceLayerRunTime.NetStandard", "..\PersistenceLayer\Xamarin\PersistenceLayerRunTime.NetStandard\PersistenceLayerRunTime.NetStandard.csproj", "{36FEAEF5-4939-4630-AD51-ADDB912832B7}"
EndProject
Project("{9A19103F-16F7-4668-BE54-9A1E7A4F7556}") = "RDBMSMetaDataRepository.NetStandard", "..\PersistenceLayer\Xamarin\RDBMSMetaDataRepository.NetStandard\RDBMSMetaDataRepository.NetStandard.csproj", "{A682B9B5-0B5C-4FCD-84FA-B91D92E6D630}"
EndProject
Project("{9A19103F-16F7-4668-BE54-9A1E7A4F7556}") = "RDBMSPersistenceRunTime.NetStandard", "..\PersistenceLayer\Xamarin\RDBMSPersistenceRunTime.NetStandard\RDBMSPersistenceRunTime.NetStandard.csproj", "{78C25928-E0A5-4D8A-9ADC-96CCE92C8183}"
EndProject
Project("{9A19103F-16F7-4668-BE54-9A1E7A4F7556}") = "SQLitePersistenceRunTime.NetStardard", "..\PersistenceLayer\Xamarin\SQLitePersistenceRunTime.NetStardard\SQLitePersistenceRunTime.NetStardard.csproj", "{26FADD78-D91B-4F06-A8F0-A64AEA7F1D21}"
EndProject
Global
	GlobalSection(SolutionConfigurationPlatforms) = preSolution
		Debug|Any CPU = Debug|Any CPU
		Debug|x64 = Debug|x64
		Net4Release|Any CPU = Net4Release|Any CPU
		Net4Release|x64 = Net4Release|x64
		Release|Any CPU = Release|Any CPU
		Release|x64 = Release|x64
	EndGlobalSection
	GlobalSection(ProjectConfigurationPlatforms) = postSolution
		{A2DB1DF7-3B99-4251-891D-0D7F40848C6C}.Debug|Any CPU.ActiveCfg = Debug|Any CPU
		{A2DB1DF7-3B99-4251-891D-0D7F40848C6C}.Debug|Any CPU.Build.0 = Debug|Any CPU
		{A2DB1DF7-3B99-4251-891D-0D7F40848C6C}.Debug|x64.ActiveCfg = Debug|Any CPU
		{A2DB1DF7-3B99-4251-891D-0D7F40848C6C}.Debug|x64.Build.0 = Debug|Any CPU
		{A2DB1DF7-3B99-4251-891D-0D7F40848C6C}.Net4Release|Any CPU.ActiveCfg = Release|Any CPU
		{A2DB1DF7-3B99-4251-891D-0D7F40848C6C}.Net4Release|Any CPU.Build.0 = Release|Any CPU
		{A2DB1DF7-3B99-4251-891D-0D7F40848C6C}.Net4Release|x64.ActiveCfg = Release|Any CPU
		{A2DB1DF7-3B99-4251-891D-0D7F40848C6C}.Net4Release|x64.Build.0 = Release|Any CPU
		{A2DB1DF7-3B99-4251-891D-0D7F40848C6C}.Release|Any CPU.ActiveCfg = Release|Any CPU
		{A2DB1DF7-3B99-4251-891D-0D7F40848C6C}.Release|Any CPU.Build.0 = Release|Any CPU
		{A2DB1DF7-3B99-4251-891D-0D7F40848C6C}.Release|x64.ActiveCfg = Release|Any CPU
		{A2DB1DF7-3B99-4251-891D-0D7F40848C6C}.Release|x64.Build.0 = Release|Any CPU
		{EACD0D55-E5E1-4288-BA55-7BC566B4722E}.Debug|Any CPU.ActiveCfg = Debug|Any CPU
		{EACD0D55-E5E1-4288-BA55-7BC566B4722E}.Debug|Any CPU.Build.0 = Debug|Any CPU
		{EACD0D55-E5E1-4288-BA55-7BC566B4722E}.Debug|x64.ActiveCfg = Debug|Any CPU
		{EACD0D55-E5E1-4288-BA55-7BC566B4722E}.Debug|x64.Build.0 = Debug|Any CPU
		{EACD0D55-E5E1-4288-BA55-7BC566B4722E}.Net4Release|Any CPU.ActiveCfg = Net4Release|Any CPU
		{EACD0D55-E5E1-4288-BA55-7BC566B4722E}.Net4Release|Any CPU.Build.0 = Net4Release|Any CPU
		{EACD0D55-E5E1-4288-BA55-7BC566B4722E}.Net4Release|x64.ActiveCfg = Net4Release|Any CPU
		{EACD0D55-E5E1-4288-BA55-7BC566B4722E}.Net4Release|x64.Build.0 = Net4Release|Any CPU
		{EACD0D55-E5E1-4288-BA55-7BC566B4722E}.Release|Any CPU.ActiveCfg = Release|Any CPU
		{EACD0D55-E5E1-4288-BA55-7BC566B4722E}.Release|Any CPU.Build.0 = Release|Any CPU
		{EACD0D55-E5E1-4288-BA55-7BC566B4722E}.Release|x64.ActiveCfg = Release|Any CPU
		{EACD0D55-E5E1-4288-BA55-7BC566B4722E}.Release|x64.Build.0 = Release|Any CPU
		{09083B37-96EF-4867-AA51-4D698AD34344}.Debug|Any CPU.ActiveCfg = Debug|Any CPU
		{09083B37-96EF-4867-AA51-4D698AD34344}.Debug|Any CPU.Build.0 = Debug|Any CPU
		{09083B37-96EF-4867-AA51-4D698AD34344}.Debug|x64.ActiveCfg = Debug|Any CPU
		{09083B37-96EF-4867-AA51-4D698AD34344}.Debug|x64.Build.0 = Debug|Any CPU
		{09083B37-96EF-4867-AA51-4D698AD34344}.Net4Release|Any CPU.ActiveCfg = Net4Release|Any CPU
		{09083B37-96EF-4867-AA51-4D698AD34344}.Net4Release|Any CPU.Build.0 = Net4Release|Any CPU
		{09083B37-96EF-4867-AA51-4D698AD34344}.Net4Release|x64.ActiveCfg = Net4Release|Any CPU
		{09083B37-96EF-4867-AA51-4D698AD34344}.Net4Release|x64.Build.0 = Net4Release|Any CPU
		{09083B37-96EF-4867-AA51-4D698AD34344}.Release|Any CPU.ActiveCfg = Release|Any CPU
		{09083B37-96EF-4867-AA51-4D698AD34344}.Release|Any CPU.Build.0 = Release|Any CPU
		{09083B37-96EF-4867-AA51-4D698AD34344}.Release|x64.ActiveCfg = Release|Any CPU
		{09083B37-96EF-4867-AA51-4D698AD34344}.Release|x64.Build.0 = Release|Any CPU
		{83492998-8E8B-44A9-BCC8-9A6E979E3EB6}.Debug|Any CPU.ActiveCfg = Debug|Any CPU
		{83492998-8E8B-44A9-BCC8-9A6E979E3EB6}.Debug|Any CPU.Build.0 = Debug|Any CPU
		{83492998-8E8B-44A9-BCC8-9A6E979E3EB6}.Debug|x64.ActiveCfg = Debug|x64
		{83492998-8E8B-44A9-BCC8-9A6E979E3EB6}.Debug|x64.Build.0 = Debug|x64
		{83492998-8E8B-44A9-BCC8-9A6E979E3EB6}.Net4Release|Any CPU.ActiveCfg = Net4Release|Any CPU
		{83492998-8E8B-44A9-BCC8-9A6E979E3EB6}.Net4Release|Any CPU.Build.0 = Net4Release|Any CPU
		{83492998-8E8B-44A9-BCC8-9A6E979E3EB6}.Net4Release|x64.ActiveCfg = Net4Release|x64
		{83492998-8E8B-44A9-BCC8-9A6E979E3EB6}.Net4Release|x64.Build.0 = Net4Release|x64
		{83492998-8E8B-44A9-BCC8-9A6E979E3EB6}.Release|Any CPU.ActiveCfg = Release|Any CPU
		{83492998-8E8B-44A9-BCC8-9A6E979E3EB6}.Release|Any CPU.Build.0 = Release|Any CPU
		{83492998-8E8B-44A9-BCC8-9A6E979E3EB6}.Release|x64.ActiveCfg = Release|x64
		{83492998-8E8B-44A9-BCC8-9A6E979E3EB6}.Release|x64.Build.0 = Release|x64
		{B5802B17-B3A0-4E40-A393-D1C57A53EDCB}.Debug|Any CPU.ActiveCfg = Debug|Any CPU
		{B5802B17-B3A0-4E40-A393-D1C57A53EDCB}.Debug|Any CPU.Build.0 = Debug|Any CPU
		{B5802B17-B3A0-4E40-A393-D1C57A53EDCB}.Debug|x64.ActiveCfg = Debug|Any CPU
		{B5802B17-B3A0-4E40-A393-D1C57A53EDCB}.Debug|x64.Build.0 = Debug|Any CPU
		{B5802B17-B3A0-4E40-A393-D1C57A53EDCB}.Net4Release|Any CPU.ActiveCfg = Net4Release|Any CPU
		{B5802B17-B3A0-4E40-A393-D1C57A53EDCB}.Net4Release|Any CPU.Build.0 = Net4Release|Any CPU
		{B5802B17-B3A0-4E40-A393-D1C57A53EDCB}.Net4Release|x64.ActiveCfg = Net4Release|Any CPU
		{B5802B17-B3A0-4E40-A393-D1C57A53EDCB}.Net4Release|x64.Build.0 = Net4Release|Any CPU
		{B5802B17-B3A0-4E40-A393-D1C57A53EDCB}.Release|Any CPU.ActiveCfg = Release|Any CPU
		{B5802B17-B3A0-4E40-A393-D1C57A53EDCB}.Release|Any CPU.Build.0 = Release|Any CPU
		{B5802B17-B3A0-4E40-A393-D1C57A53EDCB}.Release|x64.ActiveCfg = Release|Any CPU
		{B5802B17-B3A0-4E40-A393-D1C57A53EDCB}.Release|x64.Build.0 = Release|Any CPU
		{8D4656BC-51D1-4E2D-AE5B-6F530DF69333}.Debug|Any CPU.ActiveCfg = Debug|Any CPU
		{8D4656BC-51D1-4E2D-AE5B-6F530DF69333}.Debug|Any CPU.Build.0 = Debug|Any CPU
		{8D4656BC-51D1-4E2D-AE5B-6F530DF69333}.Debug|x64.ActiveCfg = Debug|x64
		{8D4656BC-51D1-4E2D-AE5B-6F530DF69333}.Debug|x64.Build.0 = Debug|x64
		{8D4656BC-51D1-4E2D-AE5B-6F530DF69333}.Net4Release|Any CPU.ActiveCfg = Net4Release|Any CPU
		{8D4656BC-51D1-4E2D-AE5B-6F530DF69333}.Net4Release|Any CPU.Build.0 = Net4Release|Any CPU
		{8D4656BC-51D1-4E2D-AE5B-6F530DF69333}.Net4Release|x64.ActiveCfg = Net4Release|x64
		{8D4656BC-51D1-4E2D-AE5B-6F530DF69333}.Net4Release|x64.Build.0 = Net4Release|x64
		{8D4656BC-51D1-4E2D-AE5B-6F530DF69333}.Release|Any CPU.ActiveCfg = Release|Any CPU
		{8D4656BC-51D1-4E2D-AE5B-6F530DF69333}.Release|Any CPU.Build.0 = Release|Any CPU
		{8D4656BC-51D1-4E2D-AE5B-6F530DF69333}.Release|x64.ActiveCfg = Release|x64
		{8D4656BC-51D1-4E2D-AE5B-6F530DF69333}.Release|x64.Build.0 = Release|x64
		{6368D7F0-70F8-4B7A-8B36-EF31D07C11C1}.Debug|Any CPU.ActiveCfg = Debug|Any CPU
		{6368D7F0-70F8-4B7A-8B36-EF31D07C11C1}.Debug|Any CPU.Build.0 = Debug|Any CPU
		{6368D7F0-70F8-4B7A-8B36-EF31D07C11C1}.Debug|x64.ActiveCfg = Debug|Any CPU
		{6368D7F0-70F8-4B7A-8B36-EF31D07C11C1}.Debug|x64.Build.0 = Debug|Any CPU
		{6368D7F0-70F8-4B7A-8B36-EF31D07C11C1}.Net4Release|Any CPU.ActiveCfg = Release|Any CPU
		{6368D7F0-70F8-4B7A-8B36-EF31D07C11C1}.Net4Release|Any CPU.Build.0 = Release|Any CPU
		{6368D7F0-70F8-4B7A-8B36-EF31D07C11C1}.Net4Release|x64.ActiveCfg = Release|Any CPU
		{6368D7F0-70F8-4B7A-8B36-EF31D07C11C1}.Net4Release|x64.Build.0 = Release|Any CPU
		{6368D7F0-70F8-4B7A-8B36-EF31D07C11C1}.Release|Any CPU.ActiveCfg = Release|Any CPU
		{6368D7F0-70F8-4B7A-8B36-EF31D07C11C1}.Release|Any CPU.Build.0 = Release|Any CPU
		{6368D7F0-70F8-4B7A-8B36-EF31D07C11C1}.Release|x64.ActiveCfg = Release|Any CPU
		{6368D7F0-70F8-4B7A-8B36-EF31D07C11C1}.Release|x64.Build.0 = Release|Any CPU
		{E0E5873E-E5E4-46F6-94F1-731C172CC1C6}.Debug|Any CPU.ActiveCfg = Debug|Any CPU
		{E0E5873E-E5E4-46F6-94F1-731C172CC1C6}.Debug|Any CPU.Build.0 = Debug|Any CPU
		{E0E5873E-E5E4-46F6-94F1-731C172CC1C6}.Debug|x64.ActiveCfg = Debug|Any CPU
		{E0E5873E-E5E4-46F6-94F1-731C172CC1C6}.Debug|x64.Build.0 = Debug|Any CPU
		{E0E5873E-E5E4-46F6-94F1-731C172CC1C6}.Net4Release|Any CPU.ActiveCfg = Net4Release|Any CPU
		{E0E5873E-E5E4-46F6-94F1-731C172CC1C6}.Net4Release|Any CPU.Build.0 = Net4Release|Any CPU
		{E0E5873E-E5E4-46F6-94F1-731C172CC1C6}.Net4Release|x64.ActiveCfg = Net4Release|Any CPU
		{E0E5873E-E5E4-46F6-94F1-731C172CC1C6}.Net4Release|x64.Build.0 = Net4Release|Any CPU
		{E0E5873E-E5E4-46F6-94F1-731C172CC1C6}.Release|Any CPU.ActiveCfg = Release|Any CPU
		{E0E5873E-E5E4-46F6-94F1-731C172CC1C6}.Release|Any CPU.Build.0 = Release|Any CPU
		{E0E5873E-E5E4-46F6-94F1-731C172CC1C6}.Release|x64.ActiveCfg = Release|Any CPU
		{E0E5873E-E5E4-46F6-94F1-731C172CC1C6}.Release|x64.Build.0 = Release|Any CPU
		{8DFEC0F3-C2EC-4D16-9E1D-09D33199E73F}.Debug|Any CPU.ActiveCfg = Debug|Any CPU
		{8DFEC0F3-C2EC-4D16-9E1D-09D33199E73F}.Debug|Any CPU.Build.0 = Debug|Any CPU
		{8DFEC0F3-C2EC-4D16-9E1D-09D33199E73F}.Debug|x64.ActiveCfg = Debug|Any CPU
		{8DFEC0F3-C2EC-4D16-9E1D-09D33199E73F}.Debug|x64.Build.0 = Debug|Any CPU
		{8DFEC0F3-C2EC-4D16-9E1D-09D33199E73F}.Net4Release|Any CPU.ActiveCfg = Release|Any CPU
		{8DFEC0F3-C2EC-4D16-9E1D-09D33199E73F}.Net4Release|Any CPU.Build.0 = Release|Any CPU
		{8DFEC0F3-C2EC-4D16-9E1D-09D33199E73F}.Net4Release|x64.ActiveCfg = Release|Any CPU
		{8DFEC0F3-C2EC-4D16-9E1D-09D33199E73F}.Net4Release|x64.Build.0 = Release|Any CPU
		{8DFEC0F3-C2EC-4D16-9E1D-09D33199E73F}.Release|Any CPU.ActiveCfg = Release|Any CPU
		{8DFEC0F3-C2EC-4D16-9E1D-09D33199E73F}.Release|Any CPU.Build.0 = Release|Any CPU
		{8DFEC0F3-C2EC-4D16-9E1D-09D33199E73F}.Release|x64.ActiveCfg = Release|Any CPU
		{8DFEC0F3-C2EC-4D16-9E1D-09D33199E73F}.Release|x64.Build.0 = Release|Any CPU
		{0A6DBBC9-D8D3-4466-9A4E-80AE0582EB0A}.Debug|Any CPU.ActiveCfg = Debug|Any CPU
		{0A6DBBC9-D8D3-4466-9A4E-80AE0582EB0A}.Debug|Any CPU.Build.0 = Debug|Any CPU
		{0A6DBBC9-D8D3-4466-9A4E-80AE0582EB0A}.Debug|x64.ActiveCfg = Debug|x64
		{0A6DBBC9-D8D3-4466-9A4E-80AE0582EB0A}.Debug|x64.Build.0 = Debug|x64
		{0A6DBBC9-D8D3-4466-9A4E-80AE0582EB0A}.Net4Release|Any CPU.ActiveCfg = Release|Any CPU
		{0A6DBBC9-D8D3-4466-9A4E-80AE0582EB0A}.Net4Release|Any CPU.Build.0 = Release|Any CPU
		{0A6DBBC9-D8D3-4466-9A4E-80AE0582EB0A}.Net4Release|x64.ActiveCfg = Release|x64
		{0A6DBBC9-D8D3-4466-9A4E-80AE0582EB0A}.Net4Release|x64.Build.0 = Release|x64
		{0A6DBBC9-D8D3-4466-9A4E-80AE0582EB0A}.Release|Any CPU.ActiveCfg = Release|Any CPU
		{0A6DBBC9-D8D3-4466-9A4E-80AE0582EB0A}.Release|Any CPU.Build.0 = Release|Any CPU
		{0A6DBBC9-D8D3-4466-9A4E-80AE0582EB0A}.Release|x64.ActiveCfg = Release|x64
		{0A6DBBC9-D8D3-4466-9A4E-80AE0582EB0A}.Release|x64.Build.0 = Release|x64
		{CFEA0A11-F583-4751-BE83-2EA0363B868B}.Debug|Any CPU.ActiveCfg = Debug|Any CPU
		{CFEA0A11-F583-4751-BE83-2EA0363B868B}.Debug|Any CPU.Build.0 = Debug|Any CPU
		{CFEA0A11-F583-4751-BE83-2EA0363B868B}.Debug|x64.ActiveCfg = Debug|Any CPU
		{CFEA0A11-F583-4751-BE83-2EA0363B868B}.Debug|x64.Build.0 = Debug|Any CPU
		{CFEA0A11-F583-4751-BE83-2EA0363B868B}.Net4Release|Any CPU.ActiveCfg = Net4Release|Any CPU
		{CFEA0A11-F583-4751-BE83-2EA0363B868B}.Net4Release|Any CPU.Build.0 = Net4Release|Any CPU
		{CFEA0A11-F583-4751-BE83-2EA0363B868B}.Net4Release|x64.ActiveCfg = Net4Release|Any CPU
		{CFEA0A11-F583-4751-BE83-2EA0363B868B}.Net4Release|x64.Build.0 = Net4Release|Any CPU
		{CFEA0A11-F583-4751-BE83-2EA0363B868B}.Release|Any CPU.ActiveCfg = Release|Any CPU
		{CFEA0A11-F583-4751-BE83-2EA0363B868B}.Release|Any CPU.Build.0 = Release|Any CPU
		{CFEA0A11-F583-4751-BE83-2EA0363B868B}.Release|x64.ActiveCfg = Release|Any CPU
		{CFEA0A11-F583-4751-BE83-2EA0363B868B}.Release|x64.Build.0 = Release|Any CPU
		{7BBFF192-81B1-474C-856C-391D9012D0E7}.Debug|Any CPU.ActiveCfg = Debug|Any CPU
		{7BBFF192-81B1-474C-856C-391D9012D0E7}.Debug|Any CPU.Build.0 = Debug|Any CPU
		{7BBFF192-81B1-474C-856C-391D9012D0E7}.Debug|x64.ActiveCfg = Debug|x64
		{7BBFF192-81B1-474C-856C-391D9012D0E7}.Debug|x64.Build.0 = Debug|x64
		{7BBFF192-81B1-474C-856C-391D9012D0E7}.Net4Release|Any CPU.ActiveCfg = Net4Release|Any CPU
		{7BBFF192-81B1-474C-856C-391D9012D0E7}.Net4Release|Any CPU.Build.0 = Net4Release|Any CPU
		{7BBFF192-81B1-474C-856C-391D9012D0E7}.Net4Release|x64.ActiveCfg = Net4Release|x64
		{7BBFF192-81B1-474C-856C-391D9012D0E7}.Net4Release|x64.Build.0 = Net4Release|x64
		{7BBFF192-81B1-474C-856C-391D9012D0E7}.Release|Any CPU.ActiveCfg = Release|Any CPU
		{7BBFF192-81B1-474C-856C-391D9012D0E7}.Release|Any CPU.Build.0 = Release|Any CPU
		{7BBFF192-81B1-474C-856C-391D9012D0E7}.Release|x64.ActiveCfg = Release|x64
		{7BBFF192-81B1-474C-856C-391D9012D0E7}.Release|x64.Build.0 = Release|x64
		{1D685176-89DB-4086-A084-48D487506390}.Debug|Any CPU.ActiveCfg = Debug|Any CPU
		{1D685176-89DB-4086-A084-48D487506390}.Debug|Any CPU.Build.0 = Debug|Any CPU
		{1D685176-89DB-4086-A084-48D487506390}.Debug|x64.ActiveCfg = Debug|x64
		{1D685176-89DB-4086-A084-48D487506390}.Debug|x64.Build.0 = Debug|x64
		{1D685176-89DB-4086-A084-48D487506390}.Net4Release|Any CPU.ActiveCfg = Net4Release|Any CPU
		{1D685176-89DB-4086-A084-48D487506390}.Net4Release|Any CPU.Build.0 = Net4Release|Any CPU
		{1D685176-89DB-4086-A084-48D487506390}.Net4Release|x64.ActiveCfg = Net4Release|x64
		{1D685176-89DB-4086-A084-48D487506390}.Net4Release|x64.Build.0 = Net4Release|x64
		{1D685176-89DB-4086-A084-48D487506390}.Release|Any CPU.ActiveCfg = Release|Any CPU
		{1D685176-89DB-4086-A084-48D487506390}.Release|Any CPU.Build.0 = Release|Any CPU
		{1D685176-89DB-4086-A084-48D487506390}.Release|x64.ActiveCfg = Release|x64
		{1D685176-89DB-4086-A084-48D487506390}.Release|x64.Build.0 = Release|x64
		{535EF442-4F9B-4B5B-B2E2-3939CFF13C58}.Debug|Any CPU.ActiveCfg = Debug|Any CPU
		{535EF442-4F9B-4B5B-B2E2-3939CFF13C58}.Debug|Any CPU.Build.0 = Debug|Any CPU
		{535EF442-4F9B-4B5B-B2E2-3939CFF13C58}.Debug|x64.ActiveCfg = Debug|Any CPU
		{535EF442-4F9B-4B5B-B2E2-3939CFF13C58}.Debug|x64.Build.0 = Debug|Any CPU
		{535EF442-4F9B-4B5B-B2E2-3939CFF13C58}.Net4Release|Any CPU.ActiveCfg = Net4Release|Any CPU
		{535EF442-4F9B-4B5B-B2E2-3939CFF13C58}.Net4Release|Any CPU.Build.0 = Net4Release|Any CPU
		{535EF442-4F9B-4B5B-B2E2-3939CFF13C58}.Net4Release|x64.ActiveCfg = Net4Release|Any CPU
		{535EF442-4F9B-4B5B-B2E2-3939CFF13C58}.Net4Release|x64.Build.0 = Net4Release|Any CPU
		{535EF442-4F9B-4B5B-B2E2-3939CFF13C58}.Release|Any CPU.ActiveCfg = Release|Any CPU
		{535EF442-4F9B-4B5B-B2E2-3939CFF13C58}.Release|Any CPU.Build.0 = Release|Any CPU
		{535EF442-4F9B-4B5B-B2E2-3939CFF13C58}.Release|x64.ActiveCfg = Release|Any CPU
		{535EF442-4F9B-4B5B-B2E2-3939CFF13C58}.Release|x64.Build.0 = Release|Any CPU
		{F3823B06-8FB8-4B69-828F-18D2BE232DF8}.Debug|Any CPU.ActiveCfg = Debug|Any CPU
		{F3823B06-8FB8-4B69-828F-18D2BE232DF8}.Debug|Any CPU.Build.0 = Debug|Any CPU
		{F3823B06-8FB8-4B69-828F-18D2BE232DF8}.Debug|x64.ActiveCfg = Debug|Any CPU
		{F3823B06-8FB8-4B69-828F-18D2BE232DF8}.Debug|x64.Build.0 = Debug|Any CPU
		{F3823B06-8FB8-4B69-828F-18D2BE232DF8}.Net4Release|Any CPU.ActiveCfg = Net4Release|Any CPU
		{F3823B06-8FB8-4B69-828F-18D2BE232DF8}.Net4Release|Any CPU.Build.0 = Net4Release|Any CPU
		{F3823B06-8FB8-4B69-828F-18D2BE232DF8}.Net4Release|x64.ActiveCfg = Net4Release|Any CPU
		{F3823B06-8FB8-4B69-828F-18D2BE232DF8}.Net4Release|x64.Build.0 = Net4Release|Any CPU
		{F3823B06-8FB8-4B69-828F-18D2BE232DF8}.Release|Any CPU.ActiveCfg = Release|Any CPU
		{F3823B06-8FB8-4B69-828F-18D2BE232DF8}.Release|Any CPU.Build.0 = Release|Any CPU
		{F3823B06-8FB8-4B69-828F-18D2BE232DF8}.Release|x64.ActiveCfg = Release|Any CPU
		{F3823B06-8FB8-4B69-828F-18D2BE232DF8}.Release|x64.Build.0 = Release|Any CPU
		{332C008B-4EEB-422B-A694-04C915F6769D}.Debug|Any CPU.ActiveCfg = Debug|Any CPU
		{332C008B-4EEB-422B-A694-04C915F6769D}.Debug|Any CPU.Build.0 = Debug|Any CPU
		{332C008B-4EEB-422B-A694-04C915F6769D}.Debug|x64.ActiveCfg = Debug|x64
		{332C008B-4EEB-422B-A694-04C915F6769D}.Debug|x64.Build.0 = Debug|x64
		{332C008B-4EEB-422B-A694-04C915F6769D}.Net4Release|Any CPU.ActiveCfg = Net4Release|Any CPU
		{332C008B-4EEB-422B-A694-04C915F6769D}.Net4Release|Any CPU.Build.0 = Net4Release|Any CPU
		{332C008B-4EEB-422B-A694-04C915F6769D}.Net4Release|x64.ActiveCfg = Net4Release|x64
		{332C008B-4EEB-422B-A694-04C915F6769D}.Net4Release|x64.Build.0 = Net4Release|x64
		{332C008B-4EEB-422B-A694-04C915F6769D}.Release|Any CPU.ActiveCfg = Release|Any CPU
		{332C008B-4EEB-422B-A694-04C915F6769D}.Release|Any CPU.Build.0 = Release|Any CPU
		{332C008B-4EEB-422B-A694-04C915F6769D}.Release|x64.ActiveCfg = Release|x64
		{332C008B-4EEB-422B-A694-04C915F6769D}.Release|x64.Build.0 = Release|x64
		{D535BD18-2401-427C-85FF-3BCD147A17D6}.Debug|Any CPU.ActiveCfg = Debug|Any CPU
		{D535BD18-2401-427C-85FF-3BCD147A17D6}.Debug|Any CPU.Build.0 = Debug|Any CPU
		{D535BD18-2401-427C-85FF-3BCD147A17D6}.Debug|x64.ActiveCfg = Debug|Any CPU
		{D535BD18-2401-427C-85FF-3BCD147A17D6}.Debug|x64.Build.0 = Debug|Any CPU
		{D535BD18-2401-427C-85FF-3BCD147A17D6}.Net4Release|Any CPU.ActiveCfg = Release|Any CPU
		{D535BD18-2401-427C-85FF-3BCD147A17D6}.Net4Release|Any CPU.Build.0 = Release|Any CPU
		{D535BD18-2401-427C-85FF-3BCD147A17D6}.Net4Release|x64.ActiveCfg = Release|Any CPU
		{D535BD18-2401-427C-85FF-3BCD147A17D6}.Net4Release|x64.Build.0 = Release|Any CPU
		{D535BD18-2401-427C-85FF-3BCD147A17D6}.Release|Any CPU.ActiveCfg = Release|Any CPU
		{D535BD18-2401-427C-85FF-3BCD147A17D6}.Release|Any CPU.Build.0 = Release|Any CPU
		{D535BD18-2401-427C-85FF-3BCD147A17D6}.Release|x64.ActiveCfg = Release|Any CPU
		{D535BD18-2401-427C-85FF-3BCD147A17D6}.Release|x64.Build.0 = Release|Any CPU
		{7AC63864-7638-41C4-969C-D3197EF2BED9}.Debug|Any CPU.ActiveCfg = Debug|Any CPU
		{7AC63864-7638-41C4-969C-D3197EF2BED9}.Debug|Any CPU.Build.0 = Debug|Any CPU
		{7AC63864-7638-41C4-969C-D3197EF2BED9}.Debug|x64.ActiveCfg = Debug|Any CPU
		{7AC63864-7638-41C4-969C-D3197EF2BED9}.Debug|x64.Build.0 = Debug|Any CPU
		{7AC63864-7638-41C4-969C-D3197EF2BED9}.Net4Release|Any CPU.ActiveCfg = Release|Any CPU
		{7AC63864-7638-41C4-969C-D3197EF2BED9}.Net4Release|Any CPU.Build.0 = Release|Any CPU
		{7AC63864-7638-41C4-969C-D3197EF2BED9}.Net4Release|x64.ActiveCfg = Release|Any CPU
		{7AC63864-7638-41C4-969C-D3197EF2BED9}.Net4Release|x64.Build.0 = Release|Any CPU
		{7AC63864-7638-41C4-969C-D3197EF2BED9}.Release|Any CPU.ActiveCfg = Release|Any CPU
		{7AC63864-7638-41C4-969C-D3197EF2BED9}.Release|Any CPU.Build.0 = Release|Any CPU
		{7AC63864-7638-41C4-969C-D3197EF2BED9}.Release|x64.ActiveCfg = Release|Any CPU
		{7AC63864-7638-41C4-969C-D3197EF2BED9}.Release|x64.Build.0 = Release|Any CPU
		{CEB65441-0A94-444A-AF99-5E4850AE623C}.Debug|Any CPU.ActiveCfg = Debug|Any CPU
		{CEB65441-0A94-444A-AF99-5E4850AE623C}.Debug|Any CPU.Build.0 = Debug|Any CPU
		{CEB65441-0A94-444A-AF99-5E4850AE623C}.Debug|x64.ActiveCfg = Debug|Any CPU
		{CEB65441-0A94-444A-AF99-5E4850AE623C}.Debug|x64.Build.0 = Debug|Any CPU
		{CEB65441-0A94-444A-AF99-5E4850AE623C}.Net4Release|Any CPU.ActiveCfg = Release|Any CPU
		{CEB65441-0A94-444A-AF99-5E4850AE623C}.Net4Release|Any CPU.Build.0 = Release|Any CPU
		{CEB65441-0A94-444A-AF99-5E4850AE623C}.Net4Release|x64.ActiveCfg = Release|Any CPU
		{CEB65441-0A94-444A-AF99-5E4850AE623C}.Net4Release|x64.Build.0 = Release|Any CPU
		{CEB65441-0A94-444A-AF99-5E4850AE623C}.Release|Any CPU.ActiveCfg = Release|Any CPU
		{CEB65441-0A94-444A-AF99-5E4850AE623C}.Release|Any CPU.Build.0 = Release|Any CPU
		{CEB65441-0A94-444A-AF99-5E4850AE623C}.Release|x64.ActiveCfg = Release|Any CPU
		{CEB65441-0A94-444A-AF99-5E4850AE623C}.Release|x64.Build.0 = Release|Any CPU
		{15EA05E4-0BCF-4A35-B177-59B932869414}.Debug|Any CPU.ActiveCfg = Debug|Any CPU
		{15EA05E4-0BCF-4A35-B177-59B932869414}.Debug|Any CPU.Build.0 = Debug|Any CPU
		{15EA05E4-0BCF-4A35-B177-59B932869414}.Debug|x64.ActiveCfg = Debug|Any CPU
		{15EA05E4-0BCF-4A35-B177-59B932869414}.Debug|x64.Build.0 = Debug|Any CPU
		{15EA05E4-0BCF-4A35-B177-59B932869414}.Net4Release|Any CPU.ActiveCfg = Release|Any CPU
		{15EA05E4-0BCF-4A35-B177-59B932869414}.Net4Release|Any CPU.Build.0 = Release|Any CPU
		{15EA05E4-0BCF-4A35-B177-59B932869414}.Net4Release|x64.ActiveCfg = Release|Any CPU
		{15EA05E4-0BCF-4A35-B177-59B932869414}.Net4Release|x64.Build.0 = Release|Any CPU
		{15EA05E4-0BCF-4A35-B177-59B932869414}.Release|Any CPU.ActiveCfg = Release|Any CPU
		{15EA05E4-0BCF-4A35-B177-59B932869414}.Release|Any CPU.Build.0 = Release|Any CPU
		{15EA05E4-0BCF-4A35-B177-59B932869414}.Release|x64.ActiveCfg = Release|Any CPU
		{15EA05E4-0BCF-4A35-B177-59B932869414}.Release|x64.Build.0 = Release|Any CPU
		{F20E4565-5DDB-4E1E-A343-369927C01277}.Debug|Any CPU.ActiveCfg = Debug|Any CPU
		{F20E4565-5DDB-4E1E-A343-369927C01277}.Debug|Any CPU.Build.0 = Debug|Any CPU
		{F20E4565-5DDB-4E1E-A343-369927C01277}.Debug|x64.ActiveCfg = Debug|Any CPU
		{F20E4565-5DDB-4E1E-A343-369927C01277}.Debug|x64.Build.0 = Debug|Any CPU
		{F20E4565-5DDB-4E1E-A343-369927C01277}.Net4Release|Any CPU.ActiveCfg = Release|Any CPU
		{F20E4565-5DDB-4E1E-A343-369927C01277}.Net4Release|Any CPU.Build.0 = Release|Any CPU
		{F20E4565-5DDB-4E1E-A343-369927C01277}.Net4Release|x64.ActiveCfg = Release|Any CPU
		{F20E4565-5DDB-4E1E-A343-369927C01277}.Net4Release|x64.Build.0 = Release|Any CPU
		{F20E4565-5DDB-4E1E-A343-369927C01277}.Release|Any CPU.ActiveCfg = Release|Any CPU
		{F20E4565-5DDB-4E1E-A343-369927C01277}.Release|Any CPU.Build.0 = Release|Any CPU
		{F20E4565-5DDB-4E1E-A343-369927C01277}.Release|x64.ActiveCfg = Release|Any CPU
		{F20E4565-5DDB-4E1E-A343-369927C01277}.Release|x64.Build.0 = Release|Any CPU
		{D83EAE0A-82CD-4496-8524-C734C6236B78}.Debug|Any CPU.ActiveCfg = Debug|Any CPU
		{D83EAE0A-82CD-4496-8524-C734C6236B78}.Debug|Any CPU.Build.0 = Debug|Any CPU
		{D83EAE0A-82CD-4496-8524-C734C6236B78}.Debug|x64.ActiveCfg = Debug|Any CPU
		{D83EAE0A-82CD-4496-8524-C734C6236B78}.Debug|x64.Build.0 = Debug|Any CPU
		{D83EAE0A-82CD-4496-8524-C734C6236B78}.Net4Release|Any CPU.ActiveCfg = Release|Any CPU
		{D83EAE0A-82CD-4496-8524-C734C6236B78}.Net4Release|Any CPU.Build.0 = Release|Any CPU
		{D83EAE0A-82CD-4496-8524-C734C6236B78}.Net4Release|x64.ActiveCfg = Release|Any CPU
		{D83EAE0A-82CD-4496-8524-C734C6236B78}.Net4Release|x64.Build.0 = Release|Any CPU
		{D83EAE0A-82CD-4496-8524-C734C6236B78}.Release|Any CPU.ActiveCfg = Release|Any CPU
		{D83EAE0A-82CD-4496-8524-C734C6236B78}.Release|Any CPU.Build.0 = Release|Any CPU
		{D83EAE0A-82CD-4496-8524-C734C6236B78}.Release|x64.ActiveCfg = Release|Any CPU
		{D83EAE0A-82CD-4496-8524-C734C6236B78}.Release|x64.Build.0 = Release|Any CPU
		{85E88CB0-DFCD-47C2-858A-082901BCE761}.Debug|Any CPU.ActiveCfg = Debug|Any CPU
		{85E88CB0-DFCD-47C2-858A-082901BCE761}.Debug|Any CPU.Build.0 = Debug|Any CPU
		{85E88CB0-DFCD-47C2-858A-082901BCE761}.Debug|x64.ActiveCfg = Debug|Any CPU
		{85E88CB0-DFCD-47C2-858A-082901BCE761}.Debug|x64.Build.0 = Debug|Any CPU
		{85E88CB0-DFCD-47C2-858A-082901BCE761}.Net4Release|Any CPU.ActiveCfg = Release|Any CPU
		{85E88CB0-DFCD-47C2-858A-082901BCE761}.Net4Release|Any CPU.Build.0 = Release|Any CPU
		{85E88CB0-DFCD-47C2-858A-082901BCE761}.Net4Release|x64.ActiveCfg = Release|Any CPU
		{85E88CB0-DFCD-47C2-858A-082901BCE761}.Net4Release|x64.Build.0 = Release|Any CPU
		{85E88CB0-DFCD-47C2-858A-082901BCE761}.Release|Any CPU.ActiveCfg = Release|Any CPU
		{85E88CB0-DFCD-47C2-858A-082901BCE761}.Release|Any CPU.Build.0 = Release|Any CPU
		{85E88CB0-DFCD-47C2-858A-082901BCE761}.Release|x64.ActiveCfg = Release|Any CPU
		{85E88CB0-DFCD-47C2-858A-082901BCE761}.Release|x64.Build.0 = Release|Any CPU
		{DED4210B-7E69-4B22-B095-05174FF713B0}.Debug|Any CPU.ActiveCfg = Debug|Any CPU
		{DED4210B-7E69-4B22-B095-05174FF713B0}.Debug|Any CPU.Build.0 = Debug|Any CPU
		{DED4210B-7E69-4B22-B095-05174FF713B0}.Debug|x64.ActiveCfg = Debug|Any CPU
		{DED4210B-7E69-4B22-B095-05174FF713B0}.Debug|x64.Build.0 = Debug|Any CPU
		{DED4210B-7E69-4B22-B095-05174FF713B0}.Net4Release|Any CPU.ActiveCfg = Release|Any CPU
		{DED4210B-7E69-4B22-B095-05174FF713B0}.Net4Release|Any CPU.Build.0 = Release|Any CPU
		{DED4210B-7E69-4B22-B095-05174FF713B0}.Net4Release|x64.ActiveCfg = Release|Any CPU
		{DED4210B-7E69-4B22-B095-05174FF713B0}.Net4Release|x64.Build.0 = Release|Any CPU
		{DED4210B-7E69-4B22-B095-05174FF713B0}.Release|Any CPU.ActiveCfg = Release|Any CPU
		{DED4210B-7E69-4B22-B095-05174FF713B0}.Release|Any CPU.Build.0 = Release|Any CPU
		{DED4210B-7E69-4B22-B095-05174FF713B0}.Release|x64.ActiveCfg = Release|Any CPU
		{DED4210B-7E69-4B22-B095-05174FF713B0}.Release|x64.Build.0 = Release|Any CPU
		{794AF8A5-5797-4C3C-ADF5-DBCCDD49C8EC}.Debug|Any CPU.ActiveCfg = Debug|Any CPU
		{794AF8A5-5797-4C3C-ADF5-DBCCDD49C8EC}.Debug|Any CPU.Build.0 = Debug|Any CPU
		{794AF8A5-5797-4C3C-ADF5-DBCCDD49C8EC}.Debug|x64.ActiveCfg = Debug|Any CPU
		{794AF8A5-5797-4C3C-ADF5-DBCCDD49C8EC}.Debug|x64.Build.0 = Debug|Any CPU
		{794AF8A5-5797-4C3C-ADF5-DBCCDD49C8EC}.Net4Release|Any CPU.ActiveCfg = Release|Any CPU
		{794AF8A5-5797-4C3C-ADF5-DBCCDD49C8EC}.Net4Release|Any CPU.Build.0 = Release|Any CPU
		{794AF8A5-5797-4C3C-ADF5-DBCCDD49C8EC}.Net4Release|x64.ActiveCfg = Release|Any CPU
		{794AF8A5-5797-4C3C-ADF5-DBCCDD49C8EC}.Net4Release|x64.Build.0 = Release|Any CPU
		{794AF8A5-5797-4C3C-ADF5-DBCCDD49C8EC}.Release|Any CPU.ActiveCfg = Release|Any CPU
		{794AF8A5-5797-4C3C-ADF5-DBCCDD49C8EC}.Release|Any CPU.Build.0 = Release|Any CPU
		{794AF8A5-5797-4C3C-ADF5-DBCCDD49C8EC}.Release|x64.ActiveCfg = Release|Any CPU
		{794AF8A5-5797-4C3C-ADF5-DBCCDD49C8EC}.Release|x64.Build.0 = Release|Any CPU
		{DBD85DF9-DAED-4B05-9EEB-845551499FD4}.Debug|Any CPU.ActiveCfg = Debug|Any CPU
		{DBD85DF9-DAED-4B05-9EEB-845551499FD4}.Debug|Any CPU.Build.0 = Debug|Any CPU
		{DBD85DF9-DAED-4B05-9EEB-845551499FD4}.Debug|x64.ActiveCfg = Debug|Any CPU
		{DBD85DF9-DAED-4B05-9EEB-845551499FD4}.Debug|x64.Build.0 = Debug|Any CPU
		{DBD85DF9-DAED-4B05-9EEB-845551499FD4}.Net4Release|Any CPU.ActiveCfg = Release|Any CPU
		{DBD85DF9-DAED-4B05-9EEB-845551499FD4}.Net4Release|Any CPU.Build.0 = Release|Any CPU
		{DBD85DF9-DAED-4B05-9EEB-845551499FD4}.Net4Release|x64.ActiveCfg = Release|Any CPU
		{DBD85DF9-DAED-4B05-9EEB-845551499FD4}.Net4Release|x64.Build.0 = Release|Any CPU
		{DBD85DF9-DAED-4B05-9EEB-845551499FD4}.Release|Any CPU.ActiveCfg = Release|Any CPU
		{DBD85DF9-DAED-4B05-9EEB-845551499FD4}.Release|Any CPU.Build.0 = Release|Any CPU
		{DBD85DF9-DAED-4B05-9EEB-845551499FD4}.Release|x64.ActiveCfg = Release|Any CPU
		{DBD85DF9-DAED-4B05-9EEB-845551499FD4}.Release|x64.Build.0 = Release|Any CPU
		{C01FED8C-32E8-4112-B48F-E5FADFACC9C3}.Debug|Any CPU.ActiveCfg = Debug|Any CPU
		{C01FED8C-32E8-4112-B48F-E5FADFACC9C3}.Debug|Any CPU.Build.0 = Debug|Any CPU
		{C01FED8C-32E8-4112-B48F-E5FADFACC9C3}.Debug|x64.ActiveCfg = Debug|Any CPU
		{C01FED8C-32E8-4112-B48F-E5FADFACC9C3}.Debug|x64.Build.0 = Debug|Any CPU
		{C01FED8C-32E8-4112-B48F-E5FADFACC9C3}.Net4Release|Any CPU.ActiveCfg = Release|Any CPU
		{C01FED8C-32E8-4112-B48F-E5FADFACC9C3}.Net4Release|Any CPU.Build.0 = Release|Any CPU
		{C01FED8C-32E8-4112-B48F-E5FADFACC9C3}.Net4Release|x64.ActiveCfg = Release|Any CPU
		{C01FED8C-32E8-4112-B48F-E5FADFACC9C3}.Net4Release|x64.Build.0 = Release|Any CPU
		{C01FED8C-32E8-4112-B48F-E5FADFACC9C3}.Release|Any CPU.ActiveCfg = Release|Any CPU
		{C01FED8C-32E8-4112-B48F-E5FADFACC9C3}.Release|Any CPU.Build.0 = Release|Any CPU
		{C01FED8C-32E8-4112-B48F-E5FADFACC9C3}.Release|x64.ActiveCfg = Release|Any CPU
		{C01FED8C-32E8-4112-B48F-E5FADFACC9C3}.Release|x64.Build.0 = Release|Any CPU
		{BC3CB7B7-6AF7-4AD7-857C-2ACBF2A0E775}.Debug|Any CPU.ActiveCfg = Debug|Any CPU
		{BC3CB7B7-6AF7-4AD7-857C-2ACBF2A0E775}.Debug|Any CPU.Build.0 = Debug|Any CPU
		{BC3CB7B7-6AF7-4AD7-857C-2ACBF2A0E775}.Debug|x64.ActiveCfg = Debug|Any CPU
		{BC3CB7B7-6AF7-4AD7-857C-2ACBF2A0E775}.Debug|x64.Build.0 = Debug|Any CPU
		{BC3CB7B7-6AF7-4AD7-857C-2ACBF2A0E775}.Net4Release|Any CPU.ActiveCfg = Release|Any CPU
		{BC3CB7B7-6AF7-4AD7-857C-2ACBF2A0E775}.Net4Release|Any CPU.Build.0 = Release|Any CPU
		{BC3CB7B7-6AF7-4AD7-857C-2ACBF2A0E775}.Net4Release|x64.ActiveCfg = Release|Any CPU
		{BC3CB7B7-6AF7-4AD7-857C-2ACBF2A0E775}.Net4Release|x64.Build.0 = Release|Any CPU
		{BC3CB7B7-6AF7-4AD7-857C-2ACBF2A0E775}.Release|Any CPU.ActiveCfg = Release|Any CPU
		{BC3CB7B7-6AF7-4AD7-857C-2ACBF2A0E775}.Release|Any CPU.Build.0 = Release|Any CPU
		{BC3CB7B7-6AF7-4AD7-857C-2ACBF2A0E775}.Release|x64.ActiveCfg = Release|Any CPU
		{BC3CB7B7-6AF7-4AD7-857C-2ACBF2A0E775}.Release|x64.Build.0 = Release|Any CPU
		{1849A274-73B8-4A0A-90F8-7D56C92AAD35}.Debug|Any CPU.ActiveCfg = Debug|Any CPU
		{1849A274-73B8-4A0A-90F8-7D56C92AAD35}.Debug|Any CPU.Build.0 = Debug|Any CPU
		{1849A274-73B8-4A0A-90F8-7D56C92AAD35}.Debug|x64.ActiveCfg = Debug|Any CPU
		{1849A274-73B8-4A0A-90F8-7D56C92AAD35}.Debug|x64.Build.0 = Debug|Any CPU
		{1849A274-73B8-4A0A-90F8-7D56C92AAD35}.Net4Release|Any CPU.ActiveCfg = Release|Any CPU
		{1849A274-73B8-4A0A-90F8-7D56C92AAD35}.Net4Release|Any CPU.Build.0 = Release|Any CPU
		{1849A274-73B8-4A0A-90F8-7D56C92AAD35}.Net4Release|x64.ActiveCfg = Release|Any CPU
		{1849A274-73B8-4A0A-90F8-7D56C92AAD35}.Net4Release|x64.Build.0 = Release|Any CPU
		{1849A274-73B8-4A0A-90F8-7D56C92AAD35}.Release|Any CPU.ActiveCfg = Release|Any CPU
		{1849A274-73B8-4A0A-90F8-7D56C92AAD35}.Release|Any CPU.Build.0 = Release|Any CPU
		{1849A274-73B8-4A0A-90F8-7D56C92AAD35}.Release|x64.ActiveCfg = Release|Any CPU
		{1849A274-73B8-4A0A-90F8-7D56C92AAD35}.Release|x64.Build.0 = Release|Any CPU
		{C654ADF4-39DE-4084-BC46-2A9268B0068C}.Debug|Any CPU.ActiveCfg = Debug|Any CPU
		{C654ADF4-39DE-4084-BC46-2A9268B0068C}.Debug|Any CPU.Build.0 = Debug|Any CPU
		{C654ADF4-39DE-4084-BC46-2A9268B0068C}.Debug|x64.ActiveCfg = Debug|Any CPU
		{C654ADF4-39DE-4084-BC46-2A9268B0068C}.Debug|x64.Build.0 = Debug|Any CPU
		{C654ADF4-39DE-4084-BC46-2A9268B0068C}.Net4Release|Any CPU.ActiveCfg = Release|Any CPU
		{C654ADF4-39DE-4084-BC46-2A9268B0068C}.Net4Release|Any CPU.Build.0 = Release|Any CPU
		{C654ADF4-39DE-4084-BC46-2A9268B0068C}.Net4Release|x64.ActiveCfg = Release|Any CPU
		{C654ADF4-39DE-4084-BC46-2A9268B0068C}.Net4Release|x64.Build.0 = Release|Any CPU
		{C654ADF4-39DE-4084-BC46-2A9268B0068C}.Release|Any CPU.ActiveCfg = Release|Any CPU
		{C654ADF4-39DE-4084-BC46-2A9268B0068C}.Release|Any CPU.Build.0 = Release|Any CPU
		{C654ADF4-39DE-4084-BC46-2A9268B0068C}.Release|x64.ActiveCfg = Release|Any CPU
		{C654ADF4-39DE-4084-BC46-2A9268B0068C}.Release|x64.Build.0 = Release|Any CPU
		{97999F66-2CD1-4B6E-BBA2-41174367DF1E}.Debug|Any CPU.ActiveCfg = Debug|Any CPU
		{97999F66-2CD1-4B6E-BBA2-41174367DF1E}.Debug|Any CPU.Build.0 = Debug|Any CPU
		{97999F66-2CD1-4B6E-BBA2-41174367DF1E}.Debug|x64.ActiveCfg = Debug|Any CPU
		{97999F66-2CD1-4B6E-BBA2-41174367DF1E}.Debug|x64.Build.0 = Debug|Any CPU
		{97999F66-2CD1-4B6E-BBA2-41174367DF1E}.Net4Release|Any CPU.ActiveCfg = Release|Any CPU
		{97999F66-2CD1-4B6E-BBA2-41174367DF1E}.Net4Release|Any CPU.Build.0 = Release|Any CPU
		{97999F66-2CD1-4B6E-BBA2-41174367DF1E}.Net4Release|x64.ActiveCfg = Release|Any CPU
		{97999F66-2CD1-4B6E-BBA2-41174367DF1E}.Net4Release|x64.Build.0 = Release|Any CPU
		{97999F66-2CD1-4B6E-BBA2-41174367DF1E}.Release|Any CPU.ActiveCfg = Release|Any CPU
		{97999F66-2CD1-4B6E-BBA2-41174367DF1E}.Release|Any CPU.Build.0 = Release|Any CPU
		{97999F66-2CD1-4B6E-BBA2-41174367DF1E}.Release|x64.ActiveCfg = Release|Any CPU
		{97999F66-2CD1-4B6E-BBA2-41174367DF1E}.Release|x64.Build.0 = Release|Any CPU
		{17DF664B-BB47-4A95-ABBE-15DFF53A96A8}.Debug|Any CPU.ActiveCfg = Debug|Any CPU
		{17DF664B-BB47-4A95-ABBE-15DFF53A96A8}.Debug|Any CPU.Build.0 = Debug|Any CPU
		{17DF664B-BB47-4A95-ABBE-15DFF53A96A8}.Debug|x64.ActiveCfg = Debug|Any CPU
		{17DF664B-BB47-4A95-ABBE-15DFF53A96A8}.Debug|x64.Build.0 = Debug|Any CPU
		{17DF664B-BB47-4A95-ABBE-15DFF53A96A8}.Net4Release|Any CPU.ActiveCfg = Release|Any CPU
		{17DF664B-BB47-4A95-ABBE-15DFF53A96A8}.Net4Release|Any CPU.Build.0 = Release|Any CPU
		{17DF664B-BB47-4A95-ABBE-15DFF53A96A8}.Net4Release|x64.ActiveCfg = Release|Any CPU
		{17DF664B-BB47-4A95-ABBE-15DFF53A96A8}.Net4Release|x64.Build.0 = Release|Any CPU
		{17DF664B-BB47-4A95-ABBE-15DFF53A96A8}.Release|Any CPU.ActiveCfg = Release|Any CPU
		{17DF664B-BB47-4A95-ABBE-15DFF53A96A8}.Release|Any CPU.Build.0 = Release|Any CPU
		{17DF664B-BB47-4A95-ABBE-15DFF53A96A8}.Release|x64.ActiveCfg = Release|Any CPU
		{17DF664B-BB47-4A95-ABBE-15DFF53A96A8}.Release|x64.Build.0 = Release|Any CPU
		{36FEAEF5-4939-4630-AD51-ADDB912832B7}.Debug|Any CPU.ActiveCfg = Debug|Any CPU
		{36FEAEF5-4939-4630-AD51-ADDB912832B7}.Debug|Any CPU.Build.0 = Debug|Any CPU
		{36FEAEF5-4939-4630-AD51-ADDB912832B7}.Debug|x64.ActiveCfg = Debug|Any CPU
		{36FEAEF5-4939-4630-AD51-ADDB912832B7}.Debug|x64.Build.0 = Debug|Any CPU
		{36FEAEF5-4939-4630-AD51-ADDB912832B7}.Net4Release|Any CPU.ActiveCfg = Release|Any CPU
		{36FEAEF5-4939-4630-AD51-ADDB912832B7}.Net4Release|Any CPU.Build.0 = Release|Any CPU
		{36FEAEF5-4939-4630-AD51-ADDB912832B7}.Net4Release|x64.ActiveCfg = Release|Any CPU
		{36FEAEF5-4939-4630-AD51-ADDB912832B7}.Net4Release|x64.Build.0 = Release|Any CPU
		{36FEAEF5-4939-4630-AD51-ADDB912832B7}.Release|Any CPU.ActiveCfg = Release|Any CPU
		{36FEAEF5-4939-4630-AD51-ADDB912832B7}.Release|Any CPU.Build.0 = Release|Any CPU
		{36FEAEF5-4939-4630-AD51-ADDB912832B7}.Release|x64.ActiveCfg = Release|Any CPU
		{36FEAEF5-4939-4630-AD51-ADDB912832B7}.Release|x64.Build.0 = Release|Any CPU
		{A682B9B5-0B5C-4FCD-84FA-B91D92E6D630}.Debug|Any CPU.ActiveCfg = Debug|Any CPU
		{A682B9B5-0B5C-4FCD-84FA-B91D92E6D630}.Debug|Any CPU.Build.0 = Debug|Any CPU
		{A682B9B5-0B5C-4FCD-84FA-B91D92E6D630}.Debug|x64.ActiveCfg = Debug|Any CPU
		{A682B9B5-0B5C-4FCD-84FA-B91D92E6D630}.Debug|x64.Build.0 = Debug|Any CPU
		{A682B9B5-0B5C-4FCD-84FA-B91D92E6D630}.Net4Release|Any CPU.ActiveCfg = Release|Any CPU
		{A682B9B5-0B5C-4FCD-84FA-B91D92E6D630}.Net4Release|Any CPU.Build.0 = Release|Any CPU
		{A682B9B5-0B5C-4FCD-84FA-B91D92E6D630}.Net4Release|x64.ActiveCfg = Release|Any CPU
		{A682B9B5-0B5C-4FCD-84FA-B91D92E6D630}.Net4Release|x64.Build.0 = Release|Any CPU
		{A682B9B5-0B5C-4FCD-84FA-B91D92E6D630}.Release|Any CPU.ActiveCfg = Release|Any CPU
		{A682B9B5-0B5C-4FCD-84FA-B91D92E6D630}.Release|Any CPU.Build.0 = Release|Any CPU
		{A682B9B5-0B5C-4FCD-84FA-B91D92E6D630}.Release|x64.ActiveCfg = Release|Any CPU
		{A682B9B5-0B5C-4FCD-84FA-B91D92E6D630}.Release|x64.Build.0 = Release|Any CPU
		{78C25928-E0A5-4D8A-9ADC-96CCE92C8183}.Debug|Any CPU.ActiveCfg = Debug|Any CPU
		{78C25928-E0A5-4D8A-9ADC-96CCE92C8183}.Debug|Any CPU.Build.0 = Debug|Any CPU
		{78C25928-E0A5-4D8A-9ADC-96CCE92C8183}.Debug|x64.ActiveCfg = Debug|Any CPU
		{78C25928-E0A5-4D8A-9ADC-96CCE92C8183}.Debug|x64.Build.0 = Debug|Any CPU
		{78C25928-E0A5-4D8A-9ADC-96CCE92C8183}.Net4Release|Any CPU.ActiveCfg = Release|Any CPU
		{78C25928-E0A5-4D8A-9ADC-96CCE92C8183}.Net4Release|Any CPU.Build.0 = Release|Any CPU
		{78C25928-E0A5-4D8A-9ADC-96CCE92C8183}.Net4Release|x64.ActiveCfg = Release|Any CPU
		{78C25928-E0A5-4D8A-9ADC-96CCE92C8183}.Net4Release|x64.Build.0 = Release|Any CPU
		{78C25928-E0A5-4D8A-9ADC-96CCE92C8183}.Release|Any CPU.ActiveCfg = Release|Any CPU
		{78C25928-E0A5-4D8A-9ADC-96CCE92C8183}.Release|Any CPU.Build.0 = Release|Any CPU
		{78C25928-E0A5-4D8A-9ADC-96CCE92C8183}.Release|x64.ActiveCfg = Release|Any CPU
		{78C25928-E0A5-4D8A-9ADC-96CCE92C8183}.Release|x64.Build.0 = Release|Any CPU
		{26FADD78-D91B-4F06-A8F0-A64AEA7F1D21}.Debug|Any CPU.ActiveCfg = Debug|Any CPU
		{26FADD78-D91B-4F06-A8F0-A64AEA7F1D21}.Debug|Any CPU.Build.0 = Debug|Any CPU
		{26FADD78-D91B-4F06-A8F0-A64AEA7F1D21}.Debug|x64.ActiveCfg = Debug|Any CPU
		{26FADD78-D91B-4F06-A8F0-A64AEA7F1D21}.Debug|x64.Build.0 = Debug|Any CPU
		{26FADD78-D91B-4F06-A8F0-A64AEA7F1D21}.Net4Release|Any CPU.ActiveCfg = Release|Any CPU
		{26FADD78-D91B-4F06-A8F0-A64AEA7F1D21}.Net4Release|Any CPU.Build.0 = Release|Any CPU
		{26FADD78-D91B-4F06-A8F0-A64AEA7F1D21}.Net4Release|x64.ActiveCfg = Release|Any CPU
		{26FADD78-D91B-4F06-A8F0-A64AEA7F1D21}.Net4Release|x64.Build.0 = Release|Any CPU
		{26FADD78-D91B-4F06-A8F0-A64AEA7F1D21}.Release|Any CPU.ActiveCfg = Release|Any CPU
		{26FADD78-D91B-4F06-A8F0-A64AEA7F1D21}.Release|Any CPU.Build.0 = Release|Any CPU
		{26FADD78-D91B-4F06-A8F0-A64AEA7F1D21}.Release|x64.ActiveCfg = Release|Any CPU
		{26FADD78-D91B-4F06-A8F0-A64AEA7F1D21}.Release|x64.Build.0 = Release|Any CPU
	EndGlobalSection
	GlobalSection(SolutionProperties) = preSolution
		HideSolutionNode = FALSE
	EndGlobalSection
	GlobalSection(ExtensibilityGlobals) = postSolution
		SolutionGuid = {C67E881F-9999-4199-8033-D2CB019CB9D0}
	EndGlobalSection
EndGlobal
