
Microsoft Visual Studio Solution File, Format Version 12.00
# Visual Studio Version 16
VisualStudioVersion = 16.0.31105.61
MinimumVisualStudioVersion = 10.0.40219.1
Project("{9A19103F-16F7-4668-BE54-9A1E7A4F7556}") = "OOAdvantech.Json.NetStandard", "OOAdvantech.Json.NetStandard\OOAdvantech.Json.NetStandard.csproj", "{DE7D22E0-C690-480E-A87A-8E0517403F3B}"
EndProject
Project("{9A19103F-16F7-4668-BE54-9A1E7A4F7556}") = "OOAdvantech.NetStandard", "OOAdvantech.NetStandard\OOAdvantech.NetStandard.csproj", "{F8DF9B1A-1422-4870-8283-03A03D38E83D}"
EndProject
Project("{FAE04EC0-301F-11D3-BF4B-00C04F79EFBC}") = "OOAdvantech.NetStandard.Droid", "OOAdvantech.NetStandard.Droid\OOAdvantech.NetStandard.Droid.csproj", "{C654ADF4-39DE-4084-BC46-2A9268B0068C}"
EndProject
Project("{9A19103F-16F7-4668-BE54-9A1E7A4F7556}") = "Parser.NetStandard", "Parser.NetStandard\Parser.NetStandard.csproj", "{8706A4AB-F000-4E98-8A53-02F5FEEA0162}"
EndProject
Project("{9A19103F-16F7-4668-BE54-9A1E7A4F7556}") = "Linq.NetStandard", "Linq.NetStandard\Linq.NetStandard.csproj", "{93FC74DF-85D0-420A-ABF7-BF58E4EE7710}"
EndProject
Project("{9A19103F-16F7-4668-BE54-9A1E7A4F7556}") = "DotNetMetaDataRepository.NetStandard", "DotNetMetaDataRepository.NetStandard\DotNetMetaDataRepository.NetStandard.csproj", "{67BE491B-1BE9-4C34-AB51-0583744B7CDE}"
EndProject
Project("{9A19103F-16F7-4668-BE54-9A1E7A4F7556}") = "PersistenceLayerRunTime.NetStandard", "PersistenceLayerRunTime.NetStandard\PersistenceLayerRunTime.NetStandard.csproj", "{F62DF117-1434-4962-82D4-79E128A940BA}"
EndProject
Project("{9A19103F-16F7-4668-BE54-9A1E7A4F7556}") = "MetaDataLoadingSystem.NetStandard", "MetaDataLoadingSystem.NetStandard\MetaDataLoadingSystem.NetStandard.csproj", "{1F57BB1D-E478-48F7-82B7-192D32D0F01F}"
EndProject
Project("{9A19103F-16F7-4668-BE54-9A1E7A4F7556}") = "RDBMSMetaDataRepository.NetStandard", "RDBMSMetaDataRepository.NetStandard\RDBMSMetaDataRepository.NetStandard.csproj", "{6E427E1F-4E78-4D10-8367-A33DBCC73043}"
EndProject
Project("{9A19103F-16F7-4668-BE54-9A1E7A4F7556}") = "RDBMSPersistenceRunTime.NetStandard", "RDBMSPersistenceRunTime.NetStandard\RDBMSPersistenceRunTime.NetStandard.csproj", "{4B42E3AB-630C-4B20-8EB3-2EE57B2D9414}"
EndProject
Project("{9A19103F-16F7-4668-BE54-9A1E7A4F7556}") = "SQLitePersistenceRunTime.NetStardard", "SQLitePersistenceRunTime.NetStardard\SQLitePersistenceRunTime.NetStardard.csproj", "{23C45BA8-D50F-4E70-88E5-B98477E8174D}"
EndProject
Project("{FAE04EC0-301F-11D3-BF4B-00C04F79EFBC}") = "OOAdvantech.NetStandard.iOS", "OOAdvantech.NetStandard.iOS\OOAdvantech.NetStandard.iOS.csproj", "{97999F66-2CD1-4B6E-BBA2-41174367DF1E}"
EndProject
Project("{FAE04EC0-301F-11D3-BF4B-00C04F79EFBC}") = "OOAdvantech.Pay.Droid", "OOAdvantech.Pay.Droid\OOAdvantech.Pay.Droid.csproj", "{942E7DC9-075A-4E8F-8150-ADB7D725DBCD}"
EndProject
Project("{FAE04EC0-301F-11D3-BF4B-00C04F79EFBC}") = "OOAdvantech.Pay.iOS", "OOAdvantech.Pay.iOS\OOAdvantech.Pay.iOS.csproj", "{C1EDB382-11D8-49FF-B4C4-21EF3A4CF0C4}"
EndProject
Project("{FAE04EC0-301F-11D3-BF4B-00C04F79EFBC}") = "OOAdvantech.Pay", "OOAdvantech.Pay\OOAdvantech.Pay.csproj", "{4065D93B-061B-49AB-8B2E-7DF204CFC37D}"
EndProject
Global
	GlobalSection(SolutionConfigurationPlatforms) = preSolution
		Debug|Any CPU = Debug|Any CPU
		Release|Any CPU = Release|Any CPU
	EndGlobalSection
	GlobalSection(ProjectConfigurationPlatforms) = postSolution
		{DE7D22E0-C690-480E-A87A-8E0517403F3B}.Debug|Any CPU.ActiveCfg = Debug|Any CPU
		{DE7D22E0-C690-480E-A87A-8E0517403F3B}.Debug|Any CPU.Build.0 = Debug|Any CPU
		{DE7D22E0-C690-480E-A87A-8E0517403F3B}.Release|Any CPU.ActiveCfg = Release|Any CPU
		{DE7D22E0-C690-480E-A87A-8E0517403F3B}.Release|Any CPU.Build.0 = Release|Any CPU
		{F8DF9B1A-1422-4870-8283-03A03D38E83D}.Debug|Any CPU.ActiveCfg = Debug|Any CPU
		{F8DF9B1A-1422-4870-8283-03A03D38E83D}.Debug|Any CPU.Build.0 = Debug|Any CPU
		{F8DF9B1A-1422-4870-8283-03A03D38E83D}.Release|Any CPU.ActiveCfg = Release|Any CPU
		{F8DF9B1A-1422-4870-8283-03A03D38E83D}.Release|Any CPU.Build.0 = Release|Any CPU
		{C654ADF4-39DE-4084-BC46-2A9268B0068C}.Debug|Any CPU.ActiveCfg = Debug|Any CPU
		{C654ADF4-39DE-4084-BC46-2A9268B0068C}.Debug|Any CPU.Build.0 = Debug|Any CPU
		{C654ADF4-39DE-4084-BC46-2A9268B0068C}.Release|Any CPU.ActiveCfg = Release|Any CPU
		{C654ADF4-39DE-4084-BC46-2A9268B0068C}.Release|Any CPU.Build.0 = Release|Any CPU
		{8706A4AB-F000-4E98-8A53-02F5FEEA0162}.Debug|Any CPU.ActiveCfg = Debug|Any CPU
		{8706A4AB-F000-4E98-8A53-02F5FEEA0162}.Debug|Any CPU.Build.0 = Debug|Any CPU
		{8706A4AB-F000-4E98-8A53-02F5FEEA0162}.Release|Any CPU.ActiveCfg = Release|Any CPU
		{8706A4AB-F000-4E98-8A53-02F5FEEA0162}.Release|Any CPU.Build.0 = Release|Any CPU
		{93FC74DF-85D0-420A-ABF7-BF58E4EE7710}.Debug|Any CPU.ActiveCfg = Debug|Any CPU
		{93FC74DF-85D0-420A-ABF7-BF58E4EE7710}.Debug|Any CPU.Build.0 = Debug|Any CPU
		{93FC74DF-85D0-420A-ABF7-BF58E4EE7710}.Release|Any CPU.ActiveCfg = Release|Any CPU
		{93FC74DF-85D0-420A-ABF7-BF58E4EE7710}.Release|Any CPU.Build.0 = Release|Any CPU
		{67BE491B-1BE9-4C34-AB51-0583744B7CDE}.Debug|Any CPU.ActiveCfg = Debug|Any CPU
		{67BE491B-1BE9-4C34-AB51-0583744B7CDE}.Debug|Any CPU.Build.0 = Debug|Any CPU
		{67BE491B-1BE9-4C34-AB51-0583744B7CDE}.Release|Any CPU.ActiveCfg = Release|Any CPU
		{67BE491B-1BE9-4C34-AB51-0583744B7CDE}.Release|Any CPU.Build.0 = Release|Any CPU
		{F62DF117-1434-4962-82D4-79E128A940BA}.Debug|Any CPU.ActiveCfg = Debug|Any CPU
		{F62DF117-1434-4962-82D4-79E128A940BA}.Debug|Any CPU.Build.0 = Debug|Any CPU
		{F62DF117-1434-4962-82D4-79E128A940BA}.Release|Any CPU.ActiveCfg = Release|Any CPU
		{F62DF117-1434-4962-82D4-79E128A940BA}.Release|Any CPU.Build.0 = Release|Any CPU
		{1F57BB1D-E478-48F7-82B7-192D32D0F01F}.Debug|Any CPU.ActiveCfg = Debug|Any CPU
		{1F57BB1D-E478-48F7-82B7-192D32D0F01F}.Debug|Any CPU.Build.0 = Debug|Any CPU
		{1F57BB1D-E478-48F7-82B7-192D32D0F01F}.Release|Any CPU.ActiveCfg = Release|Any CPU
		{1F57BB1D-E478-48F7-82B7-192D32D0F01F}.Release|Any CPU.Build.0 = Release|Any CPU
		{6E427E1F-4E78-4D10-8367-A33DBCC73043}.Debug|Any CPU.ActiveCfg = Debug|Any CPU
		{6E427E1F-4E78-4D10-8367-A33DBCC73043}.Debug|Any CPU.Build.0 = Debug|Any CPU
		{6E427E1F-4E78-4D10-8367-A33DBCC73043}.Release|Any CPU.ActiveCfg = Release|Any CPU
		{6E427E1F-4E78-4D10-8367-A33DBCC73043}.Release|Any CPU.Build.0 = Release|Any CPU
		{4B42E3AB-630C-4B20-8EB3-2EE57B2D9414}.Debug|Any CPU.ActiveCfg = Debug|Any CPU
		{4B42E3AB-630C-4B20-8EB3-2EE57B2D9414}.Debug|Any CPU.Build.0 = Debug|Any CPU
		{4B42E3AB-630C-4B20-8EB3-2EE57B2D9414}.Release|Any CPU.ActiveCfg = Release|Any CPU
		{4B42E3AB-630C-4B20-8EB3-2EE57B2D9414}.Release|Any CPU.Build.0 = Release|Any CPU
		{23C45BA8-D50F-4E70-88E5-B98477E8174D}.Debug|Any CPU.ActiveCfg = Debug|Any CPU
		{23C45BA8-D50F-4E70-88E5-B98477E8174D}.Debug|Any CPU.Build.0 = Debug|Any CPU
		{23C45BA8-D50F-4E70-88E5-B98477E8174D}.Release|Any CPU.ActiveCfg = Release|Any CPU
		{23C45BA8-D50F-4E70-88E5-B98477E8174D}.Release|Any CPU.Build.0 = Release|Any CPU
		{97999F66-2CD1-4B6E-BBA2-41174367DF1E}.Debug|Any CPU.ActiveCfg = Debug|Any CPU
		{97999F66-2CD1-4B6E-BBA2-41174367DF1E}.Debug|Any CPU.Build.0 = Debug|Any CPU
		{97999F66-2CD1-4B6E-BBA2-41174367DF1E}.Release|Any CPU.ActiveCfg = Release|Any CPU
		{97999F66-2CD1-4B6E-BBA2-41174367DF1E}.Release|Any CPU.Build.0 = Release|Any CPU
		{942E7DC9-075A-4E8F-8150-ADB7D725DBCD}.Debug|Any CPU.ActiveCfg = Debug|Any CPU
		{942E7DC9-075A-4E8F-8150-ADB7D725DBCD}.Debug|Any CPU.Build.0 = Debug|Any CPU
		{942E7DC9-075A-4E8F-8150-ADB7D725DBCD}.Release|Any CPU.ActiveCfg = Release|Any CPU
		{942E7DC9-075A-4E8F-8150-ADB7D725DBCD}.Release|Any CPU.Build.0 = Release|Any CPU
		{C1EDB382-11D8-49FF-B4C4-21EF3A4CF0C4}.Debug|Any CPU.ActiveCfg = Debug|Any CPU
		{C1EDB382-11D8-49FF-B4C4-21EF3A4CF0C4}.Debug|Any CPU.Build.0 = Debug|Any CPU
		{C1EDB382-11D8-49FF-B4C4-21EF3A4CF0C4}.Release|Any CPU.ActiveCfg = Release|Any CPU
		{C1EDB382-11D8-49FF-B4C4-21EF3A4CF0C4}.Release|Any CPU.Build.0 = Release|Any CPU
		{4065D93B-061B-49AB-8B2E-7DF204CFC37D}.Debug|Any CPU.ActiveCfg = Debug|Any CPU
		{4065D93B-061B-49AB-8B2E-7DF204CFC37D}.Debug|Any CPU.Build.0 = Debug|Any CPU
		{4065D93B-061B-49AB-8B2E-7DF204CFC37D}.Release|Any CPU.ActiveCfg = Release|Any CPU
		{4065D93B-061B-49AB-8B2E-7DF204CFC37D}.Release|Any CPU.Build.0 = Release|Any CPU
	EndGlobalSection
	GlobalSection(SolutionProperties) = preSolution
		HideSolutionNode = FALSE
	EndGlobalSection
	GlobalSection(ExtensibilityGlobals) = postSolution
		SolutionGuid = {B447CCF4-178B-410F-83CE-2370F36D07CF}
	EndGlobalSection
EndGlobal
