
Microsoft Visual Studio Solution File, Format Version 12.00
# Visual Studio Version 17
VisualStudioVersion = 17.9.34607.119
MinimumVisualStudioVersion = 10.0.40219.1
Project("{FAE04EC0-301F-11D3-BF4B-00C04F79EFBC}") = "ModulePublisher - VS10", "..\..\Visual Studio.NET Projects\ModulePublisher\ModulePublisher - VS10.csproj", "{8D4656BC-51D1-4E2D-AE5B-6F530DF69333}"
EndProject
Project("{FAE04EC0-301F-11D3-BF4B-00C04F79EFBC}") = "OOAdvantech - VS10", "..\..\PersistenceLayer\DotNetPersistenceLayer\OOAdvantech\OOAdvantech - VS10.csproj", "{83492998-8E8B-44A9-BCC8-9A6E979E3EB6}"
EndProject
Project("{FAE04EC0-301F-11D3-BF4B-00C04F79EFBC}") = "CodeMetaDataRepository - VS10", "..\..\PersistenceLayer\DotNetPersistenceLayer\CodeMetaDataRepository\CodeMetaDataRepository - VS10.csproj", "{E7709134-01FB-49BB-A6D3-5D32C6C61F1F}"
EndProject
Project("{FAE04EC0-301F-11D3-BF4B-00C04F79EFBC}") = "Parser - VS10", "..\..\PersistenceLayer\DotNetPersistenceLayer\Parser\Parser - VS10.csproj", "{7BBFF192-81B1-474C-856C-391D9012D0E7}"
EndProject
Project("{4CAA2610-1955-4629-BDC1-8133FE0B2087}") = "PerformanceTest_Converted_5_42", "TestProject\PerformanceTest.aqt\PerformanceTest_Converted_5_42.aqt", "{E2733112-D6A2-43AD-880F-514A7D286DB6}"
EndProject
Project("{FAE04EC0-301F-11D3-BF4B-00C04F79EFBC}") = "RoseBrowser - VS10", "..\RoseBrowser\RoseBrowser - VS10.csproj", "{26B34260-EB35-4645-9CA9-0F320FBA2D95}"
EndProject
Project("{FAE04EC0-301F-11D3-BF4B-00C04F79EFBC}") = "RoseMetaDataRepository - VS10", "RoseMetaDataRepository - VS10.csproj", "{B925A690-3F68-4D9C-9394-B94BC1D8FCBA}"
EndProject
Project("{FAE04EC0-301F-11D3-BF4B-00C04F79EFBC}") = "UserInterface - VS10", "..\..\UserInterface\UserInterface\UserInterface - VS10.csproj", "{E0E5873E-E5E4-46F6-94F1-731C172CC1C6}"
EndProject
Project("{FAE04EC0-301F-11D3-BF4B-00C04F79EFBC}") = "ConnectableControls - VS10", "..\..\UserInterface\WindowsUserInterfaceLibrary\ConnectableControls\ConnectableControls - VS10.csproj", "{E83F3B97-6DC3-4744-B246-55174E74DAED}"
EndProject
Project("{FAE04EC0-301F-11D3-BF4B-00C04F79EFBC}") = "RoseAddinFacade - VS10", "..\RoseAddinFacade\RoseAddinFacade - VS10.csproj", "{DC89C532-F995-42A0-A09C-4F23944DA00D}"
EndProject
Project("{FAE04EC0-301F-11D3-BF4B-00C04F79EFBC}") = "OOAdvantechFacade -VS10", "..\..\PersistenceLayer\DotNetPersistenceLayer\OOAdvantechFacade\OOAdvantechFacade -VS10.csproj", "{09083B37-96EF-4867-AA51-4D698AD34344}"
EndProject
Project("{FAE04EC0-301F-11D3-BF4B-00C04F79EFBC}") = "UserInterfaceMetaData - VS10", "..\..\UserInterface\WindowsUserInterfaceLibrary\ConnectableControls\UserInterfaceMetaData\UserInterfaceMetaData - VS10.csproj", "{8F696A41-0F2A-476D-B140-42E21805CEA3}"
EndProject
Global
	GlobalSection(SolutionConfigurationPlatforms) = preSolution
		Debug|Any CPU = Debug|Any CPU
		Debug|Mixed Platforms = Debug|Mixed Platforms
		Debug|Win32 = Debug|Win32
		Debug|x64 = Debug|x64
		Debug|x86 = Debug|x86
		Net4Debug|Any CPU = Net4Debug|Any CPU
		Net4Debug|Mixed Platforms = Net4Debug|Mixed Platforms
		Net4Debug|Win32 = Net4Debug|Win32
		Net4Debug|x64 = Net4Debug|x64
		Net4Debug|x86 = Net4Debug|x86
		Release|Any CPU = Release|Any CPU
		Release|Mixed Platforms = Release|Mixed Platforms
		Release|Win32 = Release|Win32
		Release|x64 = Release|x64
		Release|x86 = Release|x86
	EndGlobalSection
	GlobalSection(ProjectConfigurationPlatforms) = postSolution
		{8D4656BC-51D1-4E2D-AE5B-6F530DF69333}.Debug|Any CPU.ActiveCfg = Debug|Any CPU
		{8D4656BC-51D1-4E2D-AE5B-6F530DF69333}.Debug|Any CPU.Build.0 = Debug|Any CPU
		{8D4656BC-51D1-4E2D-AE5B-6F530DF69333}.Debug|Mixed Platforms.ActiveCfg = Debug|Any CPU
		{8D4656BC-51D1-4E2D-AE5B-6F530DF69333}.Debug|Mixed Platforms.Build.0 = Debug|Any CPU
		{8D4656BC-51D1-4E2D-AE5B-6F530DF69333}.Debug|Win32.ActiveCfg = Debug|x64
		{8D4656BC-51D1-4E2D-AE5B-6F530DF69333}.Debug|x64.ActiveCfg = Debug|x64
		{8D4656BC-51D1-4E2D-AE5B-6F530DF69333}.Debug|x64.Build.0 = Debug|x64
		{8D4656BC-51D1-4E2D-AE5B-6F530DF69333}.Debug|x86.ActiveCfg = Debug|Any CPU
		{8D4656BC-51D1-4E2D-AE5B-6F530DF69333}.Debug|x86.Build.0 = Debug|Any CPU
		{8D4656BC-51D1-4E2D-AE5B-6F530DF69333}.Net4Debug|Any CPU.ActiveCfg = Debug|Any CPU
		{8D4656BC-51D1-4E2D-AE5B-6F530DF69333}.Net4Debug|Any CPU.Build.0 = Debug|Any CPU
		{8D4656BC-51D1-4E2D-AE5B-6F530DF69333}.Net4Debug|Mixed Platforms.ActiveCfg = Debug|Any CPU
		{8D4656BC-51D1-4E2D-AE5B-6F530DF69333}.Net4Debug|Mixed Platforms.Build.0 = Debug|Any CPU
		{8D4656BC-51D1-4E2D-AE5B-6F530DF69333}.Net4Debug|Win32.ActiveCfg = Debug|Any CPU
		{8D4656BC-51D1-4E2D-AE5B-6F530DF69333}.Net4Debug|x64.ActiveCfg = Net4Debug|x64
		{8D4656BC-51D1-4E2D-AE5B-6F530DF69333}.Net4Debug|x64.Build.0 = Net4Debug|x64
		{8D4656BC-51D1-4E2D-AE5B-6F530DF69333}.Net4Debug|x86.ActiveCfg = Net4Debug|x64
		{8D4656BC-51D1-4E2D-AE5B-6F530DF69333}.Net4Debug|x86.Build.0 = Net4Debug|x64
		{8D4656BC-51D1-4E2D-AE5B-6F530DF69333}.Release|Any CPU.ActiveCfg = Release|Any CPU
		{8D4656BC-51D1-4E2D-AE5B-6F530DF69333}.Release|Any CPU.Build.0 = Release|Any CPU
		{8D4656BC-51D1-4E2D-AE5B-6F530DF69333}.Release|Mixed Platforms.ActiveCfg = Release|Any CPU
		{8D4656BC-51D1-4E2D-AE5B-6F530DF69333}.Release|Mixed Platforms.Build.0 = Release|Any CPU
		{8D4656BC-51D1-4E2D-AE5B-6F530DF69333}.Release|Win32.ActiveCfg = Release|Any CPU
		{8D4656BC-51D1-4E2D-AE5B-6F530DF69333}.Release|x64.ActiveCfg = Release|x64
		{8D4656BC-51D1-4E2D-AE5B-6F530DF69333}.Release|x64.Build.0 = Release|x64
		{8D4656BC-51D1-4E2D-AE5B-6F530DF69333}.Release|x86.ActiveCfg = Release|Any CPU
		{8D4656BC-51D1-4E2D-AE5B-6F530DF69333}.Release|x86.Build.0 = Release|Any CPU
		{83492998-8E8B-44A9-BCC8-9A6E979E3EB6}.Debug|Any CPU.ActiveCfg = Debug|Any CPU
		{83492998-8E8B-44A9-BCC8-9A6E979E3EB6}.Debug|Any CPU.Build.0 = Debug|Any CPU
		{83492998-8E8B-44A9-BCC8-9A6E979E3EB6}.Debug|Mixed Platforms.ActiveCfg = Debug|Any CPU
		{83492998-8E8B-44A9-BCC8-9A6E979E3EB6}.Debug|Mixed Platforms.Build.0 = Debug|Any CPU
		{83492998-8E8B-44A9-BCC8-9A6E979E3EB6}.Debug|Win32.ActiveCfg = Debug|x64
		{83492998-8E8B-44A9-BCC8-9A6E979E3EB6}.Debug|x64.ActiveCfg = Debug|x64
		{83492998-8E8B-44A9-BCC8-9A6E979E3EB6}.Debug|x64.Build.0 = Debug|x64
		{83492998-8E8B-44A9-BCC8-9A6E979E3EB6}.Debug|x86.ActiveCfg = Debug|Any CPU
		{83492998-8E8B-44A9-BCC8-9A6E979E3EB6}.Debug|x86.Build.0 = Debug|Any CPU
		{83492998-8E8B-44A9-BCC8-9A6E979E3EB6}.Net4Debug|Any CPU.ActiveCfg = Debug|Any CPU
		{83492998-8E8B-44A9-BCC8-9A6E979E3EB6}.Net4Debug|Any CPU.Build.0 = Debug|Any CPU
		{83492998-8E8B-44A9-BCC8-9A6E979E3EB6}.Net4Debug|Mixed Platforms.ActiveCfg = Debug|Any CPU
		{83492998-8E8B-44A9-BCC8-9A6E979E3EB6}.Net4Debug|Mixed Platforms.Build.0 = Debug|Any CPU
		{83492998-8E8B-44A9-BCC8-9A6E979E3EB6}.Net4Debug|Win32.ActiveCfg = Debug|Any CPU
		{83492998-8E8B-44A9-BCC8-9A6E979E3EB6}.Net4Debug|x64.ActiveCfg = Debug|x64
		{83492998-8E8B-44A9-BCC8-9A6E979E3EB6}.Net4Debug|x64.Build.0 = Debug|x64
		{83492998-8E8B-44A9-BCC8-9A6E979E3EB6}.Net4Debug|x86.ActiveCfg = Net4Release|Any CPU
		{83492998-8E8B-44A9-BCC8-9A6E979E3EB6}.Net4Debug|x86.Build.0 = Net4Release|Any CPU
		{83492998-8E8B-44A9-BCC8-9A6E979E3EB6}.Release|Any CPU.ActiveCfg = Release|Any CPU
		{83492998-8E8B-44A9-BCC8-9A6E979E3EB6}.Release|Any CPU.Build.0 = Release|Any CPU
		{83492998-8E8B-44A9-BCC8-9A6E979E3EB6}.Release|Mixed Platforms.ActiveCfg = Release|Any CPU
		{83492998-8E8B-44A9-BCC8-9A6E979E3EB6}.Release|Mixed Platforms.Build.0 = Release|Any CPU
		{83492998-8E8B-44A9-BCC8-9A6E979E3EB6}.Release|Win32.ActiveCfg = Release|Any CPU
		{83492998-8E8B-44A9-BCC8-9A6E979E3EB6}.Release|x64.ActiveCfg = Release|x64
		{83492998-8E8B-44A9-BCC8-9A6E979E3EB6}.Release|x64.Build.0 = Release|x64
		{83492998-8E8B-44A9-BCC8-9A6E979E3EB6}.Release|x86.ActiveCfg = Release|Any CPU
		{83492998-8E8B-44A9-BCC8-9A6E979E3EB6}.Release|x86.Build.0 = Release|Any CPU
		{E7709134-01FB-49BB-A6D3-5D32C6C61F1F}.Debug|Any CPU.ActiveCfg = Debug|Any CPU
		{E7709134-01FB-49BB-A6D3-5D32C6C61F1F}.Debug|Any CPU.Build.0 = Debug|Any CPU
		{E7709134-01FB-49BB-A6D3-5D32C6C61F1F}.Debug|Mixed Platforms.ActiveCfg = Debug|Any CPU
		{E7709134-01FB-49BB-A6D3-5D32C6C61F1F}.Debug|Mixed Platforms.Build.0 = Debug|Any CPU
		{E7709134-01FB-49BB-A6D3-5D32C6C61F1F}.Debug|Win32.ActiveCfg = Debug|x64
		{E7709134-01FB-49BB-A6D3-5D32C6C61F1F}.Debug|x64.ActiveCfg = Debug|x64
		{E7709134-01FB-49BB-A6D3-5D32C6C61F1F}.Debug|x64.Build.0 = Debug|x64
		{E7709134-01FB-49BB-A6D3-5D32C6C61F1F}.Debug|x86.ActiveCfg = Debug|Any CPU
		{E7709134-01FB-49BB-A6D3-5D32C6C61F1F}.Debug|x86.Build.0 = Debug|Any CPU
		{E7709134-01FB-49BB-A6D3-5D32C6C61F1F}.Net4Debug|Any CPU.ActiveCfg = Net4Debug|Any CPU
		{E7709134-01FB-49BB-A6D3-5D32C6C61F1F}.Net4Debug|Any CPU.Build.0 = Net4Debug|Any CPU
		{E7709134-01FB-49BB-A6D3-5D32C6C61F1F}.Net4Debug|Mixed Platforms.ActiveCfg = Net4Debug|Any CPU
		{E7709134-01FB-49BB-A6D3-5D32C6C61F1F}.Net4Debug|Mixed Platforms.Build.0 = Net4Debug|Any CPU
		{E7709134-01FB-49BB-A6D3-5D32C6C61F1F}.Net4Debug|Win32.ActiveCfg = Debug|Any CPU
		{E7709134-01FB-49BB-A6D3-5D32C6C61F1F}.Net4Debug|x64.ActiveCfg = Net4Debug|x64
		{E7709134-01FB-49BB-A6D3-5D32C6C61F1F}.Net4Debug|x64.Build.0 = Net4Debug|x64
		{E7709134-01FB-49BB-A6D3-5D32C6C61F1F}.Net4Debug|x86.ActiveCfg = Net4Debug|Any CPU
		{E7709134-01FB-49BB-A6D3-5D32C6C61F1F}.Net4Debug|x86.Build.0 = Net4Debug|Any CPU
		{E7709134-01FB-49BB-A6D3-5D32C6C61F1F}.Release|Any CPU.ActiveCfg = Release|Any CPU
		{E7709134-01FB-49BB-A6D3-5D32C6C61F1F}.Release|Any CPU.Build.0 = Release|Any CPU
		{E7709134-01FB-49BB-A6D3-5D32C6C61F1F}.Release|Mixed Platforms.ActiveCfg = Release|Any CPU
		{E7709134-01FB-49BB-A6D3-5D32C6C61F1F}.Release|Mixed Platforms.Build.0 = Release|Any CPU
		{E7709134-01FB-49BB-A6D3-5D32C6C61F1F}.Release|Win32.ActiveCfg = Release|Any CPU
		{E7709134-01FB-49BB-A6D3-5D32C6C61F1F}.Release|x64.ActiveCfg = Release|x64
		{E7709134-01FB-49BB-A6D3-5D32C6C61F1F}.Release|x64.Build.0 = Release|x64
		{E7709134-01FB-49BB-A6D3-5D32C6C61F1F}.Release|x86.ActiveCfg = Release|Any CPU
		{E7709134-01FB-49BB-A6D3-5D32C6C61F1F}.Release|x86.Build.0 = Release|Any CPU
		{7BBFF192-81B1-474C-856C-391D9012D0E7}.Debug|Any CPU.ActiveCfg = Debug|Any CPU
		{7BBFF192-81B1-474C-856C-391D9012D0E7}.Debug|Any CPU.Build.0 = Debug|Any CPU
		{7BBFF192-81B1-474C-856C-391D9012D0E7}.Debug|Mixed Platforms.ActiveCfg = Debug|Any CPU
		{7BBFF192-81B1-474C-856C-391D9012D0E7}.Debug|Mixed Platforms.Build.0 = Debug|Any CPU
		{7BBFF192-81B1-474C-856C-391D9012D0E7}.Debug|Win32.ActiveCfg = Debug|x64
		{7BBFF192-81B1-474C-856C-391D9012D0E7}.Debug|x64.ActiveCfg = Debug|x64
		{7BBFF192-81B1-474C-856C-391D9012D0E7}.Debug|x64.Build.0 = Debug|x64
		{7BBFF192-81B1-474C-856C-391D9012D0E7}.Debug|x86.ActiveCfg = Debug|Any CPU
		{7BBFF192-81B1-474C-856C-391D9012D0E7}.Debug|x86.Build.0 = Debug|Any CPU
		{7BBFF192-81B1-474C-856C-391D9012D0E7}.Net4Debug|Any CPU.ActiveCfg = Debug|Any CPU
		{7BBFF192-81B1-474C-856C-391D9012D0E7}.Net4Debug|Any CPU.Build.0 = Debug|Any CPU
		{7BBFF192-81B1-474C-856C-391D9012D0E7}.Net4Debug|Mixed Platforms.ActiveCfg = Debug|Any CPU
		{7BBFF192-81B1-474C-856C-391D9012D0E7}.Net4Debug|Mixed Platforms.Build.0 = Debug|Any CPU
		{7BBFF192-81B1-474C-856C-391D9012D0E7}.Net4Debug|Win32.ActiveCfg = Debug|Any CPU
		{7BBFF192-81B1-474C-856C-391D9012D0E7}.Net4Debug|x64.ActiveCfg = Debug|x64
		{7BBFF192-81B1-474C-856C-391D9012D0E7}.Net4Debug|x64.Build.0 = Debug|x64
		{7BBFF192-81B1-474C-856C-391D9012D0E7}.Net4Debug|x86.ActiveCfg = Net4Release|x86
		{7BBFF192-81B1-474C-856C-391D9012D0E7}.Net4Debug|x86.Build.0 = Net4Release|x86
		{7BBFF192-81B1-474C-856C-391D9012D0E7}.Release|Any CPU.ActiveCfg = Release|Any CPU
		{7BBFF192-81B1-474C-856C-391D9012D0E7}.Release|Any CPU.Build.0 = Release|Any CPU
		{7BBFF192-81B1-474C-856C-391D9012D0E7}.Release|Mixed Platforms.ActiveCfg = Release|Any CPU
		{7BBFF192-81B1-474C-856C-391D9012D0E7}.Release|Mixed Platforms.Build.0 = Release|Any CPU
		{7BBFF192-81B1-474C-856C-391D9012D0E7}.Release|Win32.ActiveCfg = Release|Any CPU
		{7BBFF192-81B1-474C-856C-391D9012D0E7}.Release|x64.ActiveCfg = Release|x64
		{7BBFF192-81B1-474C-856C-391D9012D0E7}.Release|x64.Build.0 = Release|x64
		{7BBFF192-81B1-474C-856C-391D9012D0E7}.Release|x86.ActiveCfg = Release|x86
		{7BBFF192-81B1-474C-856C-391D9012D0E7}.Release|x86.Build.0 = Release|x86
		{26B34260-EB35-4645-9CA9-0F320FBA2D95}.Debug|Any CPU.ActiveCfg = Debug|Any CPU
		{26B34260-EB35-4645-9CA9-0F320FBA2D95}.Debug|Any CPU.Build.0 = Debug|Any CPU
		{26B34260-EB35-4645-9CA9-0F320FBA2D95}.Debug|Mixed Platforms.ActiveCfg = Debug|Any CPU
		{26B34260-EB35-4645-9CA9-0F320FBA2D95}.Debug|Mixed Platforms.Build.0 = Debug|Any CPU
		{26B34260-EB35-4645-9CA9-0F320FBA2D95}.Debug|Win32.ActiveCfg = Debug|Any CPU
		{26B34260-EB35-4645-9CA9-0F320FBA2D95}.Debug|x64.ActiveCfg = Debug|Any CPU
		{26B34260-EB35-4645-9CA9-0F320FBA2D95}.Debug|x86.ActiveCfg = Debug|Any CPU
		{26B34260-EB35-4645-9CA9-0F320FBA2D95}.Net4Debug|Any CPU.ActiveCfg = Net4Debug|Any CPU
		{26B34260-EB35-4645-9CA9-0F320FBA2D95}.Net4Debug|Any CPU.Build.0 = Net4Debug|Any CPU
		{26B34260-EB35-4645-9CA9-0F320FBA2D95}.Net4Debug|Mixed Platforms.ActiveCfg = Net4Debug|Any CPU
		{26B34260-EB35-4645-9CA9-0F320FBA2D95}.Net4Debug|Mixed Platforms.Build.0 = Net4Debug|Any CPU
		{26B34260-EB35-4645-9CA9-0F320FBA2D95}.Net4Debug|Win32.ActiveCfg = Debug|Any CPU
		{26B34260-EB35-4645-9CA9-0F320FBA2D95}.Net4Debug|x64.ActiveCfg = Net4Debug|Any CPU
		{26B34260-EB35-4645-9CA9-0F320FBA2D95}.Net4Debug|x86.ActiveCfg = Net4Debug|Any CPU
		{26B34260-EB35-4645-9CA9-0F320FBA2D95}.Release|Any CPU.ActiveCfg = Release|Any CPU
		{26B34260-EB35-4645-9CA9-0F320FBA2D95}.Release|Any CPU.Build.0 = Release|Any CPU
		{26B34260-EB35-4645-9CA9-0F320FBA2D95}.Release|Mixed Platforms.ActiveCfg = Release|Any CPU
		{26B34260-EB35-4645-9CA9-0F320FBA2D95}.Release|Mixed Platforms.Build.0 = Release|Any CPU
		{26B34260-EB35-4645-9CA9-0F320FBA2D95}.Release|Win32.ActiveCfg = Release|Any CPU
		{26B34260-EB35-4645-9CA9-0F320FBA2D95}.Release|x64.ActiveCfg = Release|Any CPU
		{26B34260-EB35-4645-9CA9-0F320FBA2D95}.Release|x86.ActiveCfg = Release|Any CPU
		{B925A690-3F68-4D9C-9394-B94BC1D8FCBA}.Debug|Any CPU.ActiveCfg = Debug|Any CPU
		{B925A690-3F68-4D9C-9394-B94BC1D8FCBA}.Debug|Any CPU.Build.0 = Debug|Any CPU
		{B925A690-3F68-4D9C-9394-B94BC1D8FCBA}.Debug|Mixed Platforms.ActiveCfg = Debug|Any CPU
		{B925A690-3F68-4D9C-9394-B94BC1D8FCBA}.Debug|Mixed Platforms.Build.0 = Debug|Any CPU
		{B925A690-3F68-4D9C-9394-B94BC1D8FCBA}.Debug|Win32.ActiveCfg = Debug|Any CPU
		{B925A690-3F68-4D9C-9394-B94BC1D8FCBA}.Debug|x64.ActiveCfg = Debug|Any CPU
		{B925A690-3F68-4D9C-9394-B94BC1D8FCBA}.Debug|x86.ActiveCfg = Debug|x86
		{B925A690-3F68-4D9C-9394-B94BC1D8FCBA}.Debug|x86.Build.0 = Debug|x86
		{B925A690-3F68-4D9C-9394-B94BC1D8FCBA}.Net4Debug|Any CPU.ActiveCfg = Net4Debug|Any CPU
		{B925A690-3F68-4D9C-9394-B94BC1D8FCBA}.Net4Debug|Any CPU.Build.0 = Net4Debug|Any CPU
		{B925A690-3F68-4D9C-9394-B94BC1D8FCBA}.Net4Debug|Mixed Platforms.ActiveCfg = Net4Debug|Any CPU
		{B925A690-3F68-4D9C-9394-B94BC1D8FCBA}.Net4Debug|Mixed Platforms.Build.0 = Net4Debug|Any CPU
		{B925A690-3F68-4D9C-9394-B94BC1D8FCBA}.Net4Debug|Win32.ActiveCfg = Net4Debug|Any CPU
		{B925A690-3F68-4D9C-9394-B94BC1D8FCBA}.Net4Debug|x64.ActiveCfg = Net4Debug|Any CPU
		{B925A690-3F68-4D9C-9394-B94BC1D8FCBA}.Net4Debug|x86.ActiveCfg = Net4Debug|x86
		{B925A690-3F68-4D9C-9394-B94BC1D8FCBA}.Net4Debug|x86.Build.0 = Net4Debug|x86
		{B925A690-3F68-4D9C-9394-B94BC1D8FCBA}.Release|Any CPU.ActiveCfg = Release|Any CPU
		{B925A690-3F68-4D9C-9394-B94BC1D8FCBA}.Release|Any CPU.Build.0 = Release|Any CPU
		{B925A690-3F68-4D9C-9394-B94BC1D8FCBA}.Release|Mixed Platforms.ActiveCfg = Release|Any CPU
		{B925A690-3F68-4D9C-9394-B94BC1D8FCBA}.Release|Mixed Platforms.Build.0 = Release|Any CPU
		{B925A690-3F68-4D9C-9394-B94BC1D8FCBA}.Release|Win32.ActiveCfg = Release|Any CPU
		{B925A690-3F68-4D9C-9394-B94BC1D8FCBA}.Release|x64.ActiveCfg = Release|Any CPU
		{B925A690-3F68-4D9C-9394-B94BC1D8FCBA}.Release|x86.ActiveCfg = Release|x86
		{B925A690-3F68-4D9C-9394-B94BC1D8FCBA}.Release|x86.Build.0 = Release|x86
		{E0E5873E-E5E4-46F6-94F1-731C172CC1C6}.Debug|Any CPU.ActiveCfg = Debug|Any CPU
		{E0E5873E-E5E4-46F6-94F1-731C172CC1C6}.Debug|Any CPU.Build.0 = Debug|Any CPU
		{E0E5873E-E5E4-46F6-94F1-731C172CC1C6}.Debug|Mixed Platforms.ActiveCfg = Debug|Any CPU
		{E0E5873E-E5E4-46F6-94F1-731C172CC1C6}.Debug|Mixed Platforms.Build.0 = Debug|Any CPU
		{E0E5873E-E5E4-46F6-94F1-731C172CC1C6}.Debug|Win32.ActiveCfg = Debug|Any CPU
		{E0E5873E-E5E4-46F6-94F1-731C172CC1C6}.Debug|x64.ActiveCfg = Debug|Any CPU
		{E0E5873E-E5E4-46F6-94F1-731C172CC1C6}.Debug|x86.ActiveCfg = Debug|Any CPU
		{E0E5873E-E5E4-46F6-94F1-731C172CC1C6}.Debug|x86.Build.0 = Debug|Any CPU
		{E0E5873E-E5E4-46F6-94F1-731C172CC1C6}.Net4Debug|Any CPU.ActiveCfg = Net4Debug|Any CPU
		{E0E5873E-E5E4-46F6-94F1-731C172CC1C6}.Net4Debug|Any CPU.Build.0 = Net4Debug|Any CPU
		{E0E5873E-E5E4-46F6-94F1-731C172CC1C6}.Net4Debug|Mixed Platforms.ActiveCfg = Net4Debug|Any CPU
		{E0E5873E-E5E4-46F6-94F1-731C172CC1C6}.Net4Debug|Mixed Platforms.Build.0 = Net4Debug|Any CPU
		{E0E5873E-E5E4-46F6-94F1-731C172CC1C6}.Net4Debug|Win32.ActiveCfg = Net4Debug|Any CPU
		{E0E5873E-E5E4-46F6-94F1-731C172CC1C6}.Net4Debug|x64.ActiveCfg = Net4Debug|Any CPU
		{E0E5873E-E5E4-46F6-94F1-731C172CC1C6}.Net4Debug|x86.ActiveCfg = Net4Debug|Any CPU
		{E0E5873E-E5E4-46F6-94F1-731C172CC1C6}.Net4Debug|x86.Build.0 = Net4Debug|Any CPU
		{E0E5873E-E5E4-46F6-94F1-731C172CC1C6}.Release|Any CPU.ActiveCfg = Release|Any CPU
		{E0E5873E-E5E4-46F6-94F1-731C172CC1C6}.Release|Any CPU.Build.0 = Release|Any CPU
		{E0E5873E-E5E4-46F6-94F1-731C172CC1C6}.Release|Mixed Platforms.ActiveCfg = Release|Any CPU
		{E0E5873E-E5E4-46F6-94F1-731C172CC1C6}.Release|Mixed Platforms.Build.0 = Release|Any CPU
		{E0E5873E-E5E4-46F6-94F1-731C172CC1C6}.Release|Win32.ActiveCfg = Release|Any CPU
		{E0E5873E-E5E4-46F6-94F1-731C172CC1C6}.Release|x64.ActiveCfg = Release|Any CPU
		{E0E5873E-E5E4-46F6-94F1-731C172CC1C6}.Release|x86.ActiveCfg = Release|Any CPU
		{E0E5873E-E5E4-46F6-94F1-731C172CC1C6}.Release|x86.Build.0 = Release|Any CPU
		{E83F3B97-6DC3-4744-B246-55174E74DAED}.Debug|Any CPU.ActiveCfg = Debug|Any CPU
		{E83F3B97-6DC3-4744-B246-55174E74DAED}.Debug|Any CPU.Build.0 = Debug|Any CPU
		{E83F3B97-6DC3-4744-B246-55174E74DAED}.Debug|Mixed Platforms.ActiveCfg = Debug|Any CPU
		{E83F3B97-6DC3-4744-B246-55174E74DAED}.Debug|Mixed Platforms.Build.0 = Debug|Any CPU
		{E83F3B97-6DC3-4744-B246-55174E74DAED}.Debug|Win32.ActiveCfg = Debug|Any CPU
		{E83F3B97-6DC3-4744-B246-55174E74DAED}.Debug|x64.ActiveCfg = Debug|Any CPU
		{E83F3B97-6DC3-4744-B246-55174E74DAED}.Debug|x86.ActiveCfg = Debug|Any CPU
		{E83F3B97-6DC3-4744-B246-55174E74DAED}.Debug|x86.Build.0 = Debug|Any CPU
		{E83F3B97-6DC3-4744-B246-55174E74DAED}.Net4Debug|Any CPU.ActiveCfg = Net4Debug|Any CPU
		{E83F3B97-6DC3-4744-B246-55174E74DAED}.Net4Debug|Any CPU.Build.0 = Net4Debug|Any CPU
		{E83F3B97-6DC3-4744-B246-55174E74DAED}.Net4Debug|Mixed Platforms.ActiveCfg = Net4Debug|Any CPU
		{E83F3B97-6DC3-4744-B246-55174E74DAED}.Net4Debug|Mixed Platforms.Build.0 = Net4Debug|Any CPU
		{E83F3B97-6DC3-4744-B246-55174E74DAED}.Net4Debug|Win32.ActiveCfg = Net4Debug|Any CPU
		{E83F3B97-6DC3-4744-B246-55174E74DAED}.Net4Debug|x64.ActiveCfg = Net4Debug|Any CPU
		{E83F3B97-6DC3-4744-B246-55174E74DAED}.Net4Debug|x86.ActiveCfg = Net4Debug|Any CPU
		{E83F3B97-6DC3-4744-B246-55174E74DAED}.Net4Debug|x86.Build.0 = Net4Debug|Any CPU
		{E83F3B97-6DC3-4744-B246-55174E74DAED}.Release|Any CPU.ActiveCfg = Release|Any CPU
		{E83F3B97-6DC3-4744-B246-55174E74DAED}.Release|Any CPU.Build.0 = Release|Any CPU
		{E83F3B97-6DC3-4744-B246-55174E74DAED}.Release|Mixed Platforms.ActiveCfg = Release|Any CPU
		{E83F3B97-6DC3-4744-B246-55174E74DAED}.Release|Mixed Platforms.Build.0 = Release|Any CPU
		{E83F3B97-6DC3-4744-B246-55174E74DAED}.Release|Win32.ActiveCfg = Release|Any CPU
		{E83F3B97-6DC3-4744-B246-55174E74DAED}.Release|x64.ActiveCfg = Release|Any CPU
		{E83F3B97-6DC3-4744-B246-55174E74DAED}.Release|x86.ActiveCfg = Release|Any CPU
		{E83F3B97-6DC3-4744-B246-55174E74DAED}.Release|x86.Build.0 = Release|Any CPU
		{DC89C532-F995-42A0-A09C-4F23944DA00D}.Debug|Any CPU.ActiveCfg = Debug|Any CPU
		{DC89C532-F995-42A0-A09C-4F23944DA00D}.Debug|Any CPU.Build.0 = Debug|Any CPU
		{DC89C532-F995-42A0-A09C-4F23944DA00D}.Debug|Mixed Platforms.ActiveCfg = Debug|Any CPU
		{DC89C532-F995-42A0-A09C-4F23944DA00D}.Debug|Mixed Platforms.Build.0 = Debug|Any CPU
		{DC89C532-F995-42A0-A09C-4F23944DA00D}.Debug|Win32.ActiveCfg = Debug|Any CPU
		{DC89C532-F995-42A0-A09C-4F23944DA00D}.Debug|x64.ActiveCfg = Debug|Any CPU
		{DC89C532-F995-42A0-A09C-4F23944DA00D}.Debug|x86.ActiveCfg = Debug|Any CPU
		{DC89C532-F995-42A0-A09C-4F23944DA00D}.Debug|x86.Build.0 = Debug|Any CPU
		{DC89C532-F995-42A0-A09C-4F23944DA00D}.Net4Debug|Any CPU.ActiveCfg = Debug|Any CPU
		{DC89C532-F995-42A0-A09C-4F23944DA00D}.Net4Debug|Any CPU.Build.0 = Debug|Any CPU
		{DC89C532-F995-42A0-A09C-4F23944DA00D}.Net4Debug|Mixed Platforms.ActiveCfg = Debug|Any CPU
		{DC89C532-F995-42A0-A09C-4F23944DA00D}.Net4Debug|Mixed Platforms.Build.0 = Debug|Any CPU
		{DC89C532-F995-42A0-A09C-4F23944DA00D}.Net4Debug|Win32.ActiveCfg = Debug|Any CPU
		{DC89C532-F995-42A0-A09C-4F23944DA00D}.Net4Debug|x64.ActiveCfg = Debug|Any CPU
		{DC89C532-F995-42A0-A09C-4F23944DA00D}.Net4Debug|x86.ActiveCfg = Debug|Any CPU
		{DC89C532-F995-42A0-A09C-4F23944DA00D}.Net4Debug|x86.Build.0 = Debug|Any CPU
		{DC89C532-F995-42A0-A09C-4F23944DA00D}.Release|Any CPU.ActiveCfg = Release|Any CPU
		{DC89C532-F995-42A0-A09C-4F23944DA00D}.Release|Any CPU.Build.0 = Release|Any CPU
		{DC89C532-F995-42A0-A09C-4F23944DA00D}.Release|Mixed Platforms.ActiveCfg = Release|Any CPU
		{DC89C532-F995-42A0-A09C-4F23944DA00D}.Release|Mixed Platforms.Build.0 = Release|Any CPU
		{DC89C532-F995-42A0-A09C-4F23944DA00D}.Release|Win32.ActiveCfg = Release|Any CPU
		{DC89C532-F995-42A0-A09C-4F23944DA00D}.Release|x64.ActiveCfg = Release|Any CPU
		{DC89C532-F995-42A0-A09C-4F23944DA00D}.Release|x86.ActiveCfg = Release|Any CPU
		{DC89C532-F995-42A0-A09C-4F23944DA00D}.Release|x86.Build.0 = Release|Any CPU
		{09083B37-96EF-4867-AA51-4D698AD34344}.Debug|Any CPU.ActiveCfg = Debug|Any CPU
		{09083B37-96EF-4867-AA51-4D698AD34344}.Debug|Any CPU.Build.0 = Debug|Any CPU
		{09083B37-96EF-4867-AA51-4D698AD34344}.Debug|Mixed Platforms.ActiveCfg = Debug|Any CPU
		{09083B37-96EF-4867-AA51-4D698AD34344}.Debug|Mixed Platforms.Build.0 = Debug|Any CPU
		{09083B37-96EF-4867-AA51-4D698AD34344}.Debug|Win32.ActiveCfg = Debug|Any CPU
		{09083B37-96EF-4867-AA51-4D698AD34344}.Debug|x64.ActiveCfg = Debug|Any CPU
		{09083B37-96EF-4867-AA51-4D698AD34344}.Debug|x86.ActiveCfg = Debug|Any CPU
		{09083B37-96EF-4867-AA51-4D698AD34344}.Debug|x86.Build.0 = Debug|Any CPU
		{09083B37-96EF-4867-AA51-4D698AD34344}.Net4Debug|Any CPU.ActiveCfg = Debug|Any CPU
		{09083B37-96EF-4867-AA51-4D698AD34344}.Net4Debug|Any CPU.Build.0 = Debug|Any CPU
		{09083B37-96EF-4867-AA51-4D698AD34344}.Net4Debug|Mixed Platforms.ActiveCfg = Debug|Any CPU
		{09083B37-96EF-4867-AA51-4D698AD34344}.Net4Debug|Mixed Platforms.Build.0 = Debug|Any CPU
		{09083B37-96EF-4867-AA51-4D698AD34344}.Net4Debug|Win32.ActiveCfg = Debug|Any CPU
		{09083B37-96EF-4867-AA51-4D698AD34344}.Net4Debug|x64.ActiveCfg = Debug|Any CPU
		{09083B37-96EF-4867-AA51-4D698AD34344}.Net4Debug|x86.ActiveCfg = Net4Release|Any CPU
		{09083B37-96EF-4867-AA51-4D698AD34344}.Net4Debug|x86.Build.0 = Net4Release|Any CPU
		{09083B37-96EF-4867-AA51-4D698AD34344}.Release|Any CPU.ActiveCfg = Release|Any CPU
		{09083B37-96EF-4867-AA51-4D698AD34344}.Release|Any CPU.Build.0 = Release|Any CPU
		{09083B37-96EF-4867-AA51-4D698AD34344}.Release|Mixed Platforms.ActiveCfg = Release|Any CPU
		{09083B37-96EF-4867-AA51-4D698AD34344}.Release|Mixed Platforms.Build.0 = Release|Any CPU
		{09083B37-96EF-4867-AA51-4D698AD34344}.Release|Win32.ActiveCfg = Release|Any CPU
		{09083B37-96EF-4867-AA51-4D698AD34344}.Release|x64.ActiveCfg = Release|Any CPU
		{09083B37-96EF-4867-AA51-4D698AD34344}.Release|x86.ActiveCfg = Release|Any CPU
		{09083B37-96EF-4867-AA51-4D698AD34344}.Release|x86.Build.0 = Release|Any CPU
		{8F696A41-0F2A-476D-B140-42E21805CEA3}.Debug|Any CPU.ActiveCfg = Debug|Any CPU
		{8F696A41-0F2A-476D-B140-42E21805CEA3}.Debug|Any CPU.Build.0 = Debug|Any CPU
		{8F696A41-0F2A-476D-B140-42E21805CEA3}.Debug|Mixed Platforms.ActiveCfg = Debug|Any CPU
		{8F696A41-0F2A-476D-B140-42E21805CEA3}.Debug|Mixed Platforms.Build.0 = Debug|Any CPU
		{8F696A41-0F2A-476D-B140-42E21805CEA3}.Debug|Win32.ActiveCfg = Debug|Any CPU
		{8F696A41-0F2A-476D-B140-42E21805CEA3}.Debug|x64.ActiveCfg = Debug|Any CPU
		{8F696A41-0F2A-476D-B140-42E21805CEA3}.Debug|x86.ActiveCfg = Debug|Any CPU
		{8F696A41-0F2A-476D-B140-42E21805CEA3}.Debug|x86.Build.0 = Debug|Any CPU
		{8F696A41-0F2A-476D-B140-42E21805CEA3}.Net4Debug|Any CPU.ActiveCfg = Debug|Any CPU
		{8F696A41-0F2A-476D-B140-42E21805CEA3}.Net4Debug|Any CPU.Build.0 = Debug|Any CPU
		{8F696A41-0F2A-476D-B140-42E21805CEA3}.Net4Debug|Mixed Platforms.ActiveCfg = Debug|Any CPU
		{8F696A41-0F2A-476D-B140-42E21805CEA3}.Net4Debug|Mixed Platforms.Build.0 = Debug|Any CPU
		{8F696A41-0F2A-476D-B140-42E21805CEA3}.Net4Debug|Win32.ActiveCfg = Debug|Any CPU
		{8F696A41-0F2A-476D-B140-42E21805CEA3}.Net4Debug|x64.ActiveCfg = Debug|Any CPU
		{8F696A41-0F2A-476D-B140-42E21805CEA3}.Net4Debug|x86.ActiveCfg = Debug|Any CPU
		{8F696A41-0F2A-476D-B140-42E21805CEA3}.Net4Debug|x86.Build.0 = Debug|Any CPU
		{8F696A41-0F2A-476D-B140-42E21805CEA3}.Release|Any CPU.ActiveCfg = Release|Any CPU
		{8F696A41-0F2A-476D-B140-42E21805CEA3}.Release|Any CPU.Build.0 = Release|Any CPU
		{8F696A41-0F2A-476D-B140-42E21805CEA3}.Release|Mixed Platforms.ActiveCfg = Release|Any CPU
		{8F696A41-0F2A-476D-B140-42E21805CEA3}.Release|Mixed Platforms.Build.0 = Release|Any CPU
		{8F696A41-0F2A-476D-B140-42E21805CEA3}.Release|Win32.ActiveCfg = Release|Any CPU
		{8F696A41-0F2A-476D-B140-42E21805CEA3}.Release|x64.ActiveCfg = Release|Any CPU
		{8F696A41-0F2A-476D-B140-42E21805CEA3}.Release|x86.ActiveCfg = Release|Any CPU
		{8F696A41-0F2A-476D-B140-42E21805CEA3}.Release|x86.Build.0 = Release|Any CPU
	EndGlobalSection
	GlobalSection(SolutionProperties) = preSolution
		HideSolutionNode = FALSE
	EndGlobalSection
	GlobalSection(ExtensibilityGlobals) = postSolution
		SolutionGuid = {FF7217AF-6014-43CD-94C8-5125646051FC}
	EndGlobalSection
EndGlobal
