Microsoft Visual Studio Solution File, Format Version 8.00
Project("{FAE04EC0-301F-11D3-BF4B-00C04F79EFBC}") = "PersistencyServer", "PersistencyServer.csproj", "{1394BF8F-3800-4874-90E0-A072472704AE}"
	ProjectSection(ProjectDependencies) = postProject
	EndProjectSection
EndProject
Global
	GlobalSection(SolutionConfiguration) = preSolution
		Debug = Debug
		Release = Release
	EndGlobalSection
	GlobalSection(ProjectConfiguration) = postSolution
		{1394BF8F-3800-4874-90E0-A072472704AE}.Debug.ActiveCfg = Debug|.NET
		{1394BF8F-3800-4874-90E0-A072472704AE}.Debug.Build.0 = Debug|.NET
		{1394BF8F-3800-4874-90E0-A072472704AE}.Release.ActiveCfg = Release|.NET
		{1394BF8F-3800-4874-90E0-A072472704AE}.Release.Build.0 = Release|.NET
	EndGlobalSection
	GlobalSection(ExtensibilityGlobals) = postSolution
	EndGlobalSection
	GlobalSection(ExtensibilityAddIns) = postSolution
	EndGlobalSection
EndGlobal
